// !$*UTF8*$!
{
	archiveVersion = 1;
	classes = {
	};
	objectVersion = 46;
	objects = {

/* Begin PBXBuildFile section */
		2E6BD4CE2BEE99142A4D597F /* libPods.a in Frameworks */ = {isa = PBXBuildFile; fileRef = 5ACB752F04D03D6CB74C71AE /* libPods.a */; };
		960BEFB81A7A9A69002658BE /* VFCSpeakerNotesViewController.m in Sources */ = {isa = PBXBuildFile; fileRef = 960BEFB71A7A9A69002658BE /* VFCSpeakerNotesViewController.m */; };
		9630D90F1B9480770000CCC8 /* VFCApplicationInformationViewController.m in Sources */ = {isa = PBXBuildFile; fileRef = 9630D90C1B9480770000CCC8 /* VFCApplicationInformationViewController.m */; };
		9630D9101B9480770000CCC8 /* VFCVersionTracker.m in Sources */ = {isa = PBXBuildFile; fileRef = 9630D90E1B9480770000CCC8 /* VFCVersionTracker.m */; };
		9630D9131B9480890000CCC8 /* VFCTutorialViewController.m in Sources */ = {isa = PBXBuildFile; fileRef = 9630D9121B9480890000CCC8 /* VFCTutorialViewController.m */; };
		965355AC1A7FB43E003755F0 /* VFCPagesView.m in Sources */ = {isa = PBXBuildFile; fileRef = 965355AB1A7FB43E003755F0 /* VFCPagesView.m */; };
		965355AE1A7FDA57003755F0 /* SpeakerNotes.plist in Resources */ = {isa = PBXBuildFile; fileRef = 965355AD1A7FDA57003755F0 /* SpeakerNotes.plist */; };
		965355B11A7FDA6E003755F0 /* VFCSpeakerNotesManager.m in Sources */ = {isa = PBXBuildFile; fileRef = 965355B01A7FDA6E003755F0 /* VFCSpeakerNotesManager.m */; };
		965355B41A7FF7F2003755F0 /* VFCRecipesViewController.m in Sources */ = {isa = PBXBuildFile; fileRef = 965355B31A7FF7F2003755F0 /* VFCRecipesViewController.m */; };
		965355B71A7FF7FE003755F0 /* VFCProductsViewController.m in Sources */ = {isa = PBXBuildFile; fileRef = 965355B61A7FF7FE003755F0 /* VFCProductsViewController.m */; };
		965355B91A8008F4003755F0 /* Tags.plist in Resources */ = {isa = PBXBuildFile; fileRef = 965355B81A8008F4003755F0 /* Tags.plist */; };
		966F2D961A825EC6006417DC /* VFCDeepDiveViewController.m in Sources */ = {isa = PBXBuildFile; fileRef = 966F2D951A825EC6006417DC /* VFCDeepDiveViewController.m */; };
		96957EF91A44A5E800BB4E86 /* VFCCrumbTrailView.m in Sources */ = {isa = PBXBuildFile; fileRef = 96957EF81A44A5E800BB4E86 /* VFCCrumbTrailView.m */; };
		96957EFF1A44A84600BB4E86 /* VFCSegmentButton.m in Sources */ = {isa = PBXBuildFile; fileRef = 96957EFE1A44A84600BB4E86 /* VFCSegmentButton.m */; };
		96B2A2261A43155A0051E38D /* VFCDocumentHeaderView.m in Sources */ = {isa = PBXBuildFile; fileRef = 96B2A2251A43155A0051E38D /* VFCDocumentHeaderView.m */; };
		96B3DF411A7BC98700CEF105 /* VFCGapAnalysisViewController.m in Sources */ = {isa = PBXBuildFile; fileRef = 96B3DF401A7BC98700CEF105 /* VFCGapAnalysisViewController.m */; };
		96B3DF441A7BC99400CEF105 /* VFCSolutionViewController.m in Sources */ = {isa = PBXBuildFile; fileRef = 96B3DF431A7BC99400CEF105 /* VFCSolutionViewController.m */; };
		96B3DF471A7BD35E00CEF105 /* VFCPageView.m in Sources */ = {isa = PBXBuildFile; fileRef = 96B3DF461A7BD35E00CEF105 /* VFCPageView.m */; };
		96BA68011A40C5DA00F06EE5 /* main.m in Sources */ = {isa = PBXBuildFile; fileRef = 96BA68001A40C5DA00F06EE5 /* main.m */; };
		96BA680A1A40C5DA00F06EE5 /* Main.storyboard in Resources */ = {isa = PBXBuildFile; fileRef = 96BA68081A40C5DA00F06EE5 /* Main.storyboard */; };
		96BA680C1A40C5DA00F06EE5 /* Images.xcassets in Resources */ = {isa = PBXBuildFile; fileRef = 96BA680B1A40C5DA00F06EE5 /* Images.xcassets */; };
		96BA680F1A40C5DA00F06EE5 /* LaunchScreen.xib in Resources */ = {isa = PBXBuildFile; fileRef = 96BA680D1A40C5DA00F06EE5 /* LaunchScreen.xib */; };
		96BA682D1A40C6DB00F06EE5 /* AppDelegate.m in Sources */ = {isa = PBXBuildFile; fileRef = 96BA68261A40C6DB00F06EE5 /* AppDelegate.m */; };
		96BA682E1A40C6DB00F06EE5 /* ViewController.m in Sources */ = {isa = PBXBuildFile; fileRef = 96BA68281A40C6DB00F06EE5 /* ViewController.m */; };
		96BA68301A40C6F600F06EE5 /* UserDefaults.plist in Resources */ = {isa = PBXBuildFile; fileRef = 96BA682F1A40C6F600F06EE5 /* UserDefaults.plist */; };
		96BA68331A40C7D300F06EE5 /* VFCDocument.m in Sources */ = {isa = PBXBuildFile; fileRef = 96BA68321A40C7D300F06EE5 /* VFCDocument.m */; };
		96BA683C1A40CBAB00F06EE5 /* VFCDocumentViewController.m in Sources */ = {isa = PBXBuildFile; fileRef = 96BA683B1A40CBAB00F06EE5 /* VFCDocumentViewController.m */; };
		96BA683E1A40CDCE00F06EE5 /* MessageUI.framework in Frameworks */ = {isa = PBXBuildFile; fileRef = 96BA683D1A40CDCE00F06EE5 /* MessageUI.framework */; };
		96CBBC451A488D410028CFE4 /* VFCCarat.m in Sources */ = {isa = PBXBuildFile; fileRef = 96CBBC441A488D410028CFE4 /* VFCCarat.m */; };
		96CBBC481A48A2370028CFE4 /* VFCResourcesViewController.m in Sources */ = {isa = PBXBuildFile; fileRef = 96CBBC471A48A2370028CFE4 /* VFCResourcesViewController.m */; };
		96CBBC4A1A48A4240028CFE4 /* Resources.plist in Resources */ = {isa = PBXBuildFile; fileRef = 96CBBC491A48A4240028CFE4 /* Resources.plist */; };
		96CBBC4C1A48A5AC0028CFE4 /* RCAMPad.pdf in Resources */ = {isa = PBXBuildFile; fileRef = 96CBBC4B1A48A5AC0028CFE4 /* RCAMPad.pdf */; };
		96CBBC4F1A48A9880028CFE4 /* VFCMacroTrendsViewController.m in Sources */ = {isa = PBXBuildFile; fileRef = 96CBBC4E1A48A9880028CFE4 /* VFCMacroTrendsViewController.m */; };
		96CF65961ABC63A7000B3E6C /* Asian Noodle Salad.pdf in Resources */ = {isa = PBXBuildFile; fileRef = 96CF65571ABC63A7000B3E6C /* Asian Noodle Salad.pdf */; };
		96CF65971ABC63A7000B3E6C /* Balsamic Blue Burger.pdf in Resources */ = {isa = PBXBuildFile; fileRef = 96CF65581ABC63A7000B3E6C /* Balsamic Blue Burger.pdf */; };
		96CF65981ABC63A7000B3E6C /* BBQ Chicken Chili Lollipops.pdf in Resources */ = {isa = PBXBuildFile; fileRef = 96CF65591ABC63A7000B3E6C /* BBQ Chicken Chili Lollipops.pdf */; };
		96CF65991ABC63A7000B3E6C /* BBQ Corn Fritters with Riata.pdf in Resources */ = {isa = PBXBuildFile; fileRef = 96CF655A1ABC63A7000B3E6C /* BBQ Corn Fritters with Riata.pdf */; };
		96CF659A1ABC63A7000B3E6C /* Beef Short Rib Tacos.pdf in Resources */ = {isa = PBXBuildFile; fileRef = 96CF655B1ABC63A7000B3E6C /* Beef Short Rib Tacos.pdf */; };
		96CF659B1ABC63A7000B3E6C /* Black Sesame Soba Pasta Salad.pdf in Resources */ = {isa = PBXBuildFile; fileRef = 96CF655C1ABC63A7000B3E6C /* Black Sesame Soba Pasta Salad.pdf */; };
		96CF659C1ABC63A7000B3E6C /* BLT Salad.pdf in Resources */ = {isa = PBXBuildFile; fileRef = 96CF655D1ABC63A7000B3E6C /* BLT Salad.pdf */; };
		96CF659D1ABC63A7000B3E6C /* Buttermilk Marinade for Chicken.pdf in Resources */ = {isa = PBXBuildFile; fileRef = 96CF655E1ABC63A7000B3E6C /* Buttermilk Marinade for Chicken.pdf */; };
		96CF659E1ABC63A7000B3E6C /* Chicken Vegetable Mousse.pdf in Resources */ = {isa = PBXBuildFile; fileRef = 96CF655F1ABC63A7000B3E6C /* Chicken Vegetable Mousse.pdf */; };
		96CF659F1ABC63A7000B3E6C /* Chicken Vegetable Patties Prep for the Chicken Truffle Burger.pdf in Resources */ = {isa = PBXBuildFile; fileRef = 96CF65601ABC63A7000B3E6C /* Chicken Vegetable Patties Prep for the Chicken Truffle Burger.pdf */; };
		96CF65A01ABC63A7000B3E6C /* Citrus Raspberry Herb Vinaigrette.pdf in Resources */ = {isa = PBXBuildFile; fileRef = 96CF65611ABC63A7000B3E6C /* Citrus Raspberry Herb Vinaigrette.pdf */; };
		96CF65A11ABC63A7000B3E6C /* Citrus Toasted Sesame Dressing.pdf in Resources */ = {isa = PBXBuildFile; fileRef = 96CF65621ABC63A7000B3E6C /* Citrus Toasted Sesame Dressing.pdf */; };
		96CF65A21ABC63A7000B3E6C /* Crispy Pork Belly Pizza.pdf in Resources */ = {isa = PBXBuildFile; fileRef = 96CF65631ABC63A7000B3E6C /* Crispy Pork Belly Pizza.pdf */; };
		96CF65A31ABC63A7000B3E6C /* Double Bourbon Pork Burger.pdf in Resources */ = {isa = PBXBuildFile; fileRef = 96CF65641ABC63A7000B3E6C /* Double Bourbon Pork Burger.pdf */; };
		96CF65A41ABC63A7000B3E6C /* Double Sriracha Burger.pdf in Resources */ = {isa = PBXBuildFile; fileRef = 96CF65651ABC63A7000B3E6C /* Double Sriracha Burger.pdf */; };
		96CF65A51ABC63A7000B3E6C /* Farmhouse Ranch Chicken Tenders-Marie's Yogurt Ranch Dressing.pdf in Resources */ = {isa = PBXBuildFile; fileRef = 96CF65661ABC63A7000B3E6C /* Farmhouse Ranch Chicken Tenders-Marie's Yogurt Ranch Dressing.pdf */; };
		96CF65A61ABC63A7000B3E6C /* Firecracker Cauliflower with Dynamite Sauce.pdf in Resources */ = {isa = PBXBuildFile; fileRef = 96CF65671ABC63A7000B3E6C /* Firecracker Cauliflower with Dynamite Sauce.pdf */; };
		96CF65A71ABC63A7000B3E6C /* Fresh Mozzarella Cheese, Roasted Mushroom and Fall Squash Salad.pdf in Resources */ = {isa = PBXBuildFile; fileRef = 96CF65681ABC63A7000B3E6C /* Fresh Mozzarella Cheese, Roasted Mushroom and Fall Squash Salad.pdf */; };
		96CF65A81ABC63A7000B3E6C /* Fried Buttermilk Chicken.pdf in Resources */ = {isa = PBXBuildFile; fileRef = 96CF65691ABC63A7000B3E6C /* Fried Buttermilk Chicken.pdf */; };
		96CF65A91ABC63A7000B3E6C /* Fuyu Persimmon,Baby Arugula and Brie cheese salad.pdf in Resources */ = {isa = PBXBuildFile; fileRef = 96CF656A1ABC63A7000B3E6C /* Fuyu Persimmon,Baby Arugula and Brie cheese salad.pdf */; };
		96CF65AA1ABC63A7000B3E6C /* Grilled Egglant Fries-Marie's Yogurt Blue Cheese Dressing.pdf in Resources */ = {isa = PBXBuildFile; fileRef = 96CF656B1ABC63A7000B3E6C /* Grilled Egglant Fries-Marie's Yogurt Blue Cheese Dressing.pdf */; };
		96CF65AB1ABC63A7000B3E6C /* Grilled Portabella Mushroom Piadine-Marie's Yogurt Feta Cheese Dressing.pdf in Resources */ = {isa = PBXBuildFile; fileRef = 96CF656C1ABC63A7000B3E6C /* Grilled Portabella Mushroom Piadine-Marie's Yogurt Feta Cheese Dressing.pdf */; };
		96CF65AC1ABC63A7000B3E6C /* Guinness BBQ Braised Short Ribs 1.pdf in Resources */ = {isa = PBXBuildFile; fileRef = 96CF656D1ABC63A7000B3E6C /* Guinness BBQ Braised Short Ribs 1.pdf */; };
		96CF65AD1ABC63A7000B3E6C /* Herbed Vinaigrette.pdf in Resources */ = {isa = PBXBuildFile; fileRef = 96CF656E1ABC63A7000B3E6C /* Herbed Vinaigrette.pdf */; };
		96CF65AE1ABC63A7000B3E6C /* Honey Bourbon and Ranch Deviled Eggs.pdf in Resources */ = {isa = PBXBuildFile; fileRef = 96CF656F1ABC63A7000B3E6C /* Honey Bourbon and Ranch Deviled Eggs.pdf */; };
		96CF65AF1ABC63A7000B3E6C /* Honey Bourbon Ice Cream.pdf in Resources */ = {isa = PBXBuildFile; fileRef = 96CF65701ABC63A7000B3E6C /* Honey Bourbon Ice Cream.pdf */; };
		96CF65B01ABC63A7000B3E6C /* Italian Risotto Fritters Appetizer.pdf in Resources */ = {isa = PBXBuildFile; fileRef = 96CF65711ABC63A7000B3E6C /* Italian Risotto Fritters Appetizer.pdf */; };
		96CF65B11ABC63A7000B3E6C /* Jalapeno cilantro cream sauce.pdf in Resources */ = {isa = PBXBuildFile; fileRef = 96CF65721ABC63A7000B3E6C /* Jalapeno cilantro cream sauce.pdf */; };
		96CF65B21ABC63A7000B3E6C /* Jalapeno Tartar sauce.pdf in Resources */ = {isa = PBXBuildFile; fileRef = 96CF65731ABC63A7000B3E6C /* Jalapeno Tartar sauce.pdf */; };
		96CF65B31ABC63A7000B3E6C /* Korean BBQ Pork Lion.pdf in Resources */ = {isa = PBXBuildFile; fileRef = 96CF65741ABC63A7000B3E6C /* Korean BBQ Pork Lion.pdf */; };
		96CF65B41ABC63A7000B3E6C /* Lamb Carnitas Sliders.pdf in Resources */ = {isa = PBXBuildFile; fileRef = 96CF65751ABC63A7000B3E6C /* Lamb Carnitas Sliders.pdf */; };
		96CF65B51ABC63A7000B3E6C /* Miso Cod Marination.pdf in Resources */ = {isa = PBXBuildFile; fileRef = 96CF65761ABC63A7000B3E6C /* Miso Cod Marination.pdf */; };
		96CF65B61ABC63A7000B3E6C /* One Pound Stuffed Burger- Maytag blue cheese, onion jam,Peppered bacon.pdf in Resources */ = {isa = PBXBuildFile; fileRef = 96CF65771ABC63A7000B3E6C /* One Pound Stuffed Burger- Maytag blue cheese, onion jam,Peppered bacon.pdf */; };
		96CF65B71ABC63A7000B3E6C /* Panko-Parmesan Cheese Bread Crumbs Prep.pdf in Resources */ = {isa = PBXBuildFile; fileRef = 96CF65781ABC63A7000B3E6C /* Panko-Parmesan Cheese Bread Crumbs Prep.pdf */; };
		96CF65B81ABC63A7000B3E6C /* Pesto Ranch Sauce.pdf in Resources */ = {isa = PBXBuildFile; fileRef = 96CF65791ABC63A7000B3E6C /* Pesto Ranch Sauce.pdf */; };
		96CF65B91ABC63A7000B3E6C /* Pork Belly Skewers.pdf in Resources */ = {isa = PBXBuildFile; fileRef = 96CF657A1ABC63A7000B3E6C /* Pork Belly Skewers.pdf */; };
		96CF65BA1ABC63A7000B3E6C /* Port Wine Fig- Green peppercorn cream sauce.pdf in Resources */ = {isa = PBXBuildFile; fileRef = 96CF657B1ABC63A7000B3E6C /* Port Wine Fig- Green peppercorn cream sauce.pdf */; };
		96CF65BB1ABC63A7000B3E6C /* Quinoa Baby Kale Summer Tomato Salad-Marie's Yogurt Parmesan Garlic Dressing.pdf in Resources */ = {isa = PBXBuildFile; fileRef = 96CF657C1ABC63A7000B3E6C /* Quinoa Baby Kale Summer Tomato Salad-Marie's Yogurt Parmesan Garlic Dressing.pdf */; };
		96CF65BC1ABC63A7000B3E6C /* Red Miso Pann Roasted Cod.pdf in Resources */ = {isa = PBXBuildFile; fileRef = 96CF657D1ABC63A7000B3E6C /* Red Miso Pann Roasted Cod.pdf */; };
		96CF65BD1ABC63A7000B3E6C /* Red Robin - Duel 3.pdf in Resources */ = {isa = PBXBuildFile; fileRef = 96CF657E1ABC63A7000B3E6C /* Red Robin - Duel 3.pdf */; };
		96CF65BE1ABC63A7000B3E6C /* Red Robin Fall Innovation Summit Ventura Foods Category Submissions Power Point.pdf in Resources */ = {isa = PBXBuildFile; fileRef = 96CF657F1ABC63A7000B3E6C /* Red Robin Fall Innovation Summit Ventura Foods Category Submissions Power Point.pdf */; };
		96CF65BF1ABC63A7000B3E6C /* Red Robin Innovation Summit.pdf in Resources */ = {isa = PBXBuildFile; fileRef = 96CF65801ABC63A7000B3E6C /* Red Robin Innovation Summit.pdf */; };
		96CF65C01ABC63A7000B3E6C /* Roast Pork Loin with Chicken Vegetable Mousse.pdf in Resources */ = {isa = PBXBuildFile; fileRef = 96CF65811ABC63A7000B3E6C /* Roast Pork Loin with Chicken Vegetable Mousse.pdf */; };
		96CF65C11ABC63A7000B3E6C /* Roasted Beets prep.pdf in Resources */ = {isa = PBXBuildFile; fileRef = 96CF65821ABC63A7000B3E6C /* Roasted Beets prep.pdf */; };
		96CF65C21ABC63A7000B3E6C /* Roasted Beets, Feta cheese, Fennel , Arugula and Orange Salad entree.pdf in Resources */ = {isa = PBXBuildFile; fileRef = 96CF65831ABC63A7000B3E6C /* Roasted Beets, Feta cheese, Fennel , Arugula and Orange Salad entree.pdf */; };
		96CF65C31ABC63A7000B3E6C /* Roasted Herbed Tomatoes for Truffle Chicken Burger.pdf in Resources */ = {isa = PBXBuildFile; fileRef = 96CF65841ABC63A7000B3E6C /* Roasted Herbed Tomatoes for Truffle Chicken Burger.pdf */; };
		96CF65C41ABC63A7000B3E6C /* Roasted Mushroom Procedure.pdf in Resources */ = {isa = PBXBuildFile; fileRef = 96CF65851ABC63A7000B3E6C /* Roasted Mushroom Procedure.pdf */; };
		96CF65C51ABC63A7000B3E6C /* Roasted Squash Procedure.pdf in Resources */ = {isa = PBXBuildFile; fileRef = 96CF65861ABC63A7000B3E6C /* Roasted Squash Procedure.pdf */; };
		96CF65C61ABC63A7000B3E6C /* Sausage Risotto Balls Breading.pdf in Resources */ = {isa = PBXBuildFile; fileRef = 96CF65871ABC63A7000B3E6C /* Sausage Risotto Balls Breading.pdf */; };
		96CF65C71ABC63A7000B3E6C /* Sausage Risotto Balls.pdf in Resources */ = {isa = PBXBuildFile; fileRef = 96CF65881ABC63A7000B3E6C /* Sausage Risotto Balls.pdf */; };
		96CF65C81ABC63A7000B3E6C /* Shrimp Po' Boy Burger.pdf in Resources */ = {isa = PBXBuildFile; fileRef = 96CF65891ABC63A7000B3E6C /* Shrimp Po' Boy Burger.pdf */; };
		96CF65C91ABC63A7000B3E6C /* Smoke House Applewood Bacon Burger.pdf in Resources */ = {isa = PBXBuildFile; fileRef = 96CF658A1ABC63A7000B3E6C /* Smoke House Applewood Bacon Burger.pdf */; };
		96CF65CA1ABC63A7000B3E6C /* Smoked beef tenderloin.pdf in Resources */ = {isa = PBXBuildFile; fileRef = 96CF658B1ABC63A7000B3E6C /* Smoked beef tenderloin.pdf */; };
		96CF65CB1ABC63A7000B3E6C /* Southwest Green Chili Turkey Burger.pdf in Resources */ = {isa = PBXBuildFile; fileRef = 96CF658C1ABC63A7000B3E6C /* Southwest Green Chili Turkey Burger.pdf */; };
		96CF65CC1ABC63A7000B3E6C /* Spicy BBQ Ranch Burger.pdf in Resources */ = {isa = PBXBuildFile; fileRef = 96CF658D1ABC63A7000B3E6C /* Spicy BBQ Ranch Burger.pdf */; };
		96CF65CD1ABC63A7000B3E6C /* Sriracha 1000 Island.pdf in Resources */ = {isa = PBXBuildFile; fileRef = 96CF658E1ABC63A7000B3E6C /* Sriracha 1000 Island.pdf */; };
		96CF65CE1ABC63A7000B3E6C /* Sriracha Ranch.pdf in Resources */ = {isa = PBXBuildFile; fileRef = 96CF658F1ABC63A7000B3E6C /* Sriracha Ranch.pdf */; };
		96CF65CF1ABC63A7000B3E6C /* Sweet Mango-Habanero Chili Sauce Prep.pdf in Resources */ = {isa = PBXBuildFile; fileRef = 96CF65901ABC63A7000B3E6C /* Sweet Mango-Habanero Chili Sauce Prep.pdf */; };
		96CF65D01ABC63A7000B3E6C /* Tailgate Burger .pdf in Resources */ = {isa = PBXBuildFile; fileRef = 96CF65911ABC63A7000B3E6C /* Tailgate Burger .pdf */; };
		96CF65D11ABC63A7000B3E6C /* Truffle Chicken Burger.pdf in Resources */ = {isa = PBXBuildFile; fileRef = 96CF65921ABC63A7000B3E6C /* Truffle Chicken Burger.pdf */; };
		96CF65D21ABC63A7000B3E6C /* Truffle Mayonnaise for the Chicken Truffle Burger.pdf in Resources */ = {isa = PBXBuildFile; fileRef = 96CF65931ABC63A7000B3E6C /* Truffle Mayonnaise for the Chicken Truffle Burger.pdf */; };
		96CF65D31ABC63A7000B3E6C /* Wild Mushroom-White Cheddar stuffed burger.pdf in Resources */ = {isa = PBXBuildFile; fileRef = 96CF65941ABC63A7000B3E6C /* Wild Mushroom-White Cheddar stuffed burger.pdf */; };
		96CF65D41ABC63A7000B3E6C /* Yukon Gold Potato-Leek Gratin.pdf in Resources */ = {isa = PBXBuildFile; fileRef = 96CF65951ABC63A7000B3E6C /* Yukon Gold Potato-Leek Gratin.pdf */; };
		96D256841A6EAE4B00980899 /* MacroTrends.plist in Resources */ = {isa = PBXBuildFile; fileRef = 96D256831A6EAE4B00980899 /* MacroTrends.plist */; };
		96D256881A6EAE7200980899 /* VFCMacroTrend.m in Sources */ = {isa = PBXBuildFile; fileRef = 96D256871A6EAE7200980899 /* VFCMacroTrend.m */; };
		96D2568C1A6EE47D00980899 /* VFCSegmentChoice.m in Sources */ = {isa = PBXBuildFile; fileRef = 96D2568B1A6EE47D00980899 /* VFCSegmentChoice.m */; };
		96D2568F1A6EE48B00980899 /* VFCSegmentChoicesViewController.m in Sources */ = {isa = PBXBuildFile; fileRef = 96D2568E1A6EE48B00980899 /* VFCSegmentChoicesViewController.m */; };
		96D256911A6EE4DF00980899 /* SegmentChoices.plist in Resources */ = {isa = PBXBuildFile; fileRef = 96D256901A6EE4DF00980899 /* SegmentChoices.plist */; };
		96E53D581AB85C7600EB4D30 /* VFCUtilities.m in Sources */ = {isa = PBXBuildFile; fileRef = 96E53D511AB85C7600EB4D30 /* VFCUtilities.m */; };
		96E682001ADC12A600877D24 /* Tutorial.plist in Resources */ = {isa = PBXBuildFile; fileRef = 96E681FF1ADC12A600877D24 /* Tutorial.plist */; };
/* End PBXBuildFile section */

/* Begin PBXCopyFilesBuildPhase section */
		96AC2F3B1A433DB400A6BC56 /* Embed Frameworks */ = {
			isa = PBXCopyFilesBuildPhase;
			buildActionMask = 2147483647;
			dstPath = "";
			dstSubfolderSpec = 10;
			files = (
			);
			name = "Embed Frameworks";
			runOnlyForDeploymentPostprocessing = 0;
		};
/* End PBXCopyFilesBuildPhase section */

/* Begin PBXFileReference section */
		357EE48D69ED222AC7BAA996 /* Pods.debug.xcconfig */ = {isa = PBXFileReference; includeInIndex = 1; lastKnownFileType = text.xcconfig; name = Pods.debug.xcconfig; path = "Pods/Target Support Files/Pods/Pods.debug.xcconfig"; sourceTree = "<group>"; };
		3FD60DC7C4E977A40ACE14CA /* Pods.distribution qa.xcconfig */ = {isa = PBXFileReference; includeInIndex = 1; lastKnownFileType = text.xcconfig; name = "Pods.distribution qa.xcconfig"; path = "Pods/Target Support Files/Pods/Pods.distribution qa.xcconfig"; sourceTree = "<group>"; };
		4E10CB4FA818A06B651FDF43 /* Pods.release.xcconfig */ = {isa = PBXFileReference; includeInIndex = 1; lastKnownFileType = text.xcconfig; name = Pods.release.xcconfig; path = "Pods/Target Support Files/Pods/Pods.release.xcconfig"; sourceTree = "<group>"; };
		5ACB752F04D03D6CB74C71AE /* libPods.a */ = {isa = PBXFileReference; explicitFileType = archive.ar; includeInIndex = 0; path = libPods.a; sourceTree = BUILT_PRODUCTS_DIR; };
		5EDA312883CB7B735DE51271 /* Pods.distribution xm.xcconfig */ = {isa = PBXFileReference; includeInIndex = 1; lastKnownFileType = text.xcconfig; name = "Pods.distribution xm.xcconfig"; path = "Pods/Target Support Files/Pods/Pods.distribution xm.xcconfig"; sourceTree = "<group>"; };
		960BEFB61A7A9A69002658BE /* VFCSpeakerNotesViewController.h */ = {isa = PBXFileReference; fileEncoding = 4; lastKnownFileType = sourcecode.c.h; path = VFCSpeakerNotesViewController.h; sourceTree = "<group>"; };
		960BEFB71A7A9A69002658BE /* VFCSpeakerNotesViewController.m */ = {isa = PBXFileReference; fileEncoding = 4; lastKnownFileType = sourcecode.c.objc; path = VFCSpeakerNotesViewController.m; sourceTree = "<group>"; };
		9630D90B1B9480770000CCC8 /* VFCApplicationInformationViewController.h */ = {isa = PBXFileReference; fileEncoding = 4; lastKnownFileType = sourcecode.c.h; name = VFCApplicationInformationViewController.h; path = ../../Archived/VFCKit/VFCKit/VFCApplicationInformationViewController.h; sourceTree = "<group>"; };
		9630D90C1B9480770000CCC8 /* VFCApplicationInformationViewController.m */ = {isa = PBXFileReference; fileEncoding = 4; lastKnownFileType = sourcecode.c.objc; name = VFCApplicationInformationViewController.m; path = ../../Archived/VFCKit/VFCKit/VFCApplicationInformationViewController.m; sourceTree = "<group>"; };
		9630D90D1B9480770000CCC8 /* VFCVersionTracker.h */ = {isa = PBXFileReference; fileEncoding = 4; lastKnownFileType = sourcecode.c.h; name = VFCVersionTracker.h; path = ../../Archived/VFCKit/VFCKit/VFCVersionTracker.h; sourceTree = "<group>"; };
		9630D90E1B9480770000CCC8 /* VFCVersionTracker.m */ = {isa = PBXFileReference; fileEncoding = 4; lastKnownFileType = sourcecode.c.objc; name = VFCVersionTracker.m; path = ../../Archived/VFCKit/VFCKit/VFCVersionTracker.m; sourceTree = "<group>"; };
		9630D9111B9480890000CCC8 /* VFCTutorialViewController.h */ = {isa = PBXFileReference; fileEncoding = 4; lastKnownFileType = sourcecode.c.h; name = VFCTutorialViewController.h; path = ../../Archived/VFCKit/VFCKit/VFCTutorialViewController.h; sourceTree = "<group>"; };
		9630D9121B9480890000CCC8 /* VFCTutorialViewController.m */ = {isa = PBXFileReference; fileEncoding = 4; lastKnownFileType = sourcecode.c.objc; name = VFCTutorialViewController.m; path = ../../Archived/VFCKit/VFCKit/VFCTutorialViewController.m; sourceTree = "<group>"; };
		965355AA1A7FB43E003755F0 /* VFCPagesView.h */ = {isa = PBXFileReference; fileEncoding = 4; lastKnownFileType = sourcecode.c.h; path = VFCPagesView.h; sourceTree = "<group>"; };
		965355AB1A7FB43E003755F0 /* VFCPagesView.m */ = {isa = PBXFileReference; fileEncoding = 4; lastKnownFileType = sourcecode.c.objc; path = VFCPagesView.m; sourceTree = "<group>"; };
		965355AD1A7FDA57003755F0 /* SpeakerNotes.plist */ = {isa = PBXFileReference; fileEncoding = 4; lastKnownFileType = text.plist.xml; path = SpeakerNotes.plist; sourceTree = "<group>"; };
		965355AF1A7FDA6E003755F0 /* VFCSpeakerNotesManager.h */ = {isa = PBXFileReference; fileEncoding = 4; lastKnownFileType = sourcecode.c.h; path = VFCSpeakerNotesManager.h; sourceTree = "<group>"; };
		965355B01A7FDA6E003755F0 /* VFCSpeakerNotesManager.m */ = {isa = PBXFileReference; fileEncoding = 4; lastKnownFileType = sourcecode.c.objc; path = VFCSpeakerNotesManager.m; sourceTree = "<group>"; };
		965355B21A7FF7F2003755F0 /* VFCRecipesViewController.h */ = {isa = PBXFileReference; fileEncoding = 4; lastKnownFileType = sourcecode.c.h; path = VFCRecipesViewController.h; sourceTree = "<group>"; };
		965355B31A7FF7F2003755F0 /* VFCRecipesViewController.m */ = {isa = PBXFileReference; fileEncoding = 4; lastKnownFileType = sourcecode.c.objc; path = VFCRecipesViewController.m; sourceTree = "<group>"; };
		965355B51A7FF7FE003755F0 /* VFCProductsViewController.h */ = {isa = PBXFileReference; fileEncoding = 4; lastKnownFileType = sourcecode.c.h; path = VFCProductsViewController.h; sourceTree = "<group>"; };
		965355B61A7FF7FE003755F0 /* VFCProductsViewController.m */ = {isa = PBXFileReference; fileEncoding = 4; lastKnownFileType = sourcecode.c.objc; path = VFCProductsViewController.m; sourceTree = "<group>"; };
		965355B81A8008F4003755F0 /* Tags.plist */ = {isa = PBXFileReference; fileEncoding = 4; lastKnownFileType = text.plist.xml; path = Tags.plist; sourceTree = "<group>"; };
		966F2D941A825EC6006417DC /* VFCDeepDiveViewController.h */ = {isa = PBXFileReference; fileEncoding = 4; lastKnownFileType = sourcecode.c.h; path = VFCDeepDiveViewController.h; sourceTree = "<group>"; };
		966F2D951A825EC6006417DC /* VFCDeepDiveViewController.m */ = {isa = PBXFileReference; fileEncoding = 4; lastKnownFileType = sourcecode.c.objc; path = VFCDeepDiveViewController.m; sourceTree = "<group>"; };
		96957EF71A44A5E800BB4E86 /* VFCCrumbTrailView.h */ = {isa = PBXFileReference; fileEncoding = 4; lastKnownFileType = sourcecode.c.h; path = VFCCrumbTrailView.h; sourceTree = "<group>"; };
		96957EF81A44A5E800BB4E86 /* VFCCrumbTrailView.m */ = {isa = PBXFileReference; fileEncoding = 4; lastKnownFileType = sourcecode.c.objc; path = VFCCrumbTrailView.m; sourceTree = "<group>"; };
		96957EFD1A44A84600BB4E86 /* VFCSegmentButton.h */ = {isa = PBXFileReference; fileEncoding = 4; lastKnownFileType = sourcecode.c.h; path = VFCSegmentButton.h; sourceTree = "<group>"; };
		96957EFE1A44A84600BB4E86 /* VFCSegmentButton.m */ = {isa = PBXFileReference; fileEncoding = 4; lastKnownFileType = sourcecode.c.objc; path = VFCSegmentButton.m; sourceTree = "<group>"; };
		96B2A2241A43155A0051E38D /* VFCDocumentHeaderView.h */ = {isa = PBXFileReference; fileEncoding = 4; lastKnownFileType = sourcecode.c.h; path = VFCDocumentHeaderView.h; sourceTree = "<group>"; };
		96B2A2251A43155A0051E38D /* VFCDocumentHeaderView.m */ = {isa = PBXFileReference; fileEncoding = 4; lastKnownFileType = sourcecode.c.objc; path = VFCDocumentHeaderView.m; sourceTree = "<group>"; };
		96B3DF3F1A7BC98700CEF105 /* VFCGapAnalysisViewController.h */ = {isa = PBXFileReference; fileEncoding = 4; lastKnownFileType = sourcecode.c.h; path = VFCGapAnalysisViewController.h; sourceTree = "<group>"; };
		96B3DF401A7BC98700CEF105 /* VFCGapAnalysisViewController.m */ = {isa = PBXFileReference; fileEncoding = 4; lastKnownFileType = sourcecode.c.objc; path = VFCGapAnalysisViewController.m; sourceTree = "<group>"; };
		96B3DF421A7BC99400CEF105 /* VFCSolutionViewController.h */ = {isa = PBXFileReference; fileEncoding = 4; lastKnownFileType = sourcecode.c.h; path = VFCSolutionViewController.h; sourceTree = "<group>"; };
		96B3DF431A7BC99400CEF105 /* VFCSolutionViewController.m */ = {isa = PBXFileReference; fileEncoding = 4; lastKnownFileType = sourcecode.c.objc; path = VFCSolutionViewController.m; sourceTree = "<group>"; };
		96B3DF451A7BD35E00CEF105 /* VFCPageView.h */ = {isa = PBXFileReference; fileEncoding = 4; lastKnownFileType = sourcecode.c.h; path = VFCPageView.h; sourceTree = "<group>"; };
		96B3DF461A7BD35E00CEF105 /* VFCPageView.m */ = {isa = PBXFileReference; fileEncoding = 4; lastKnownFileType = sourcecode.c.objc; path = VFCPageView.m; sourceTree = "<group>"; };
		96BA67FB1A40C5DA00F06EE5 /* RCAMPad.app */ = {isa = PBXFileReference; explicitFileType = wrapper.application; includeInIndex = 0; path = RCAMPad.app; sourceTree = BUILT_PRODUCTS_DIR; };
		96BA67FF1A40C5DA00F06EE5 /* Info.plist */ = {isa = PBXFileReference; lastKnownFileType = text.plist.xml; path = Info.plist; sourceTree = "<group>"; };
		96BA68001A40C5DA00F06EE5 /* main.m */ = {isa = PBXFileReference; lastKnownFileType = sourcecode.c.objc; path = main.m; sourceTree = "<group>"; };
		96BA68091A40C5DA00F06EE5 /* Base */ = {isa = PBXFileReference; lastKnownFileType = file.storyboard; name = Base; path = Base.lproj/Main.storyboard; sourceTree = "<group>"; };
		96BA680B1A40C5DA00F06EE5 /* Images.xcassets */ = {isa = PBXFileReference; lastKnownFileType = folder.assetcatalog; path = Images.xcassets; sourceTree = "<group>"; };
		96BA680E1A40C5DA00F06EE5 /* Base */ = {isa = PBXFileReference; lastKnownFileType = file.xib; name = Base; path = Base.lproj/LaunchScreen.xib; sourceTree = "<group>"; };
		96BA68251A40C6DB00F06EE5 /* AppDelegate.h */ = {isa = PBXFileReference; fileEncoding = 4; lastKnownFileType = sourcecode.c.h; path = AppDelegate.h; sourceTree = "<group>"; };
		96BA68261A40C6DB00F06EE5 /* AppDelegate.m */ = {isa = PBXFileReference; fileEncoding = 4; lastKnownFileType = sourcecode.c.objc; path = AppDelegate.m; sourceTree = "<group>"; };
		96BA68271A40C6DB00F06EE5 /* ViewController.h */ = {isa = PBXFileReference; fileEncoding = 4; lastKnownFileType = sourcecode.c.h; path = ViewController.h; sourceTree = "<group>"; };
		96BA68281A40C6DB00F06EE5 /* ViewController.m */ = {isa = PBXFileReference; fileEncoding = 4; lastKnownFileType = sourcecode.c.objc; path = ViewController.m; sourceTree = "<group>"; };
		96BA682F1A40C6F600F06EE5 /* UserDefaults.plist */ = {isa = PBXFileReference; fileEncoding = 4; lastKnownFileType = text.plist.xml; path = UserDefaults.plist; sourceTree = "<group>"; };
		96BA68311A40C7D300F06EE5 /* VFCDocument.h */ = {isa = PBXFileReference; fileEncoding = 4; lastKnownFileType = sourcecode.c.h; path = VFCDocument.h; sourceTree = "<group>"; };
		96BA68321A40C7D300F06EE5 /* VFCDocument.m */ = {isa = PBXFileReference; fileEncoding = 4; lastKnownFileType = sourcecode.c.objc; path = VFCDocument.m; sourceTree = "<group>"; };
		96BA683A1A40CBAB00F06EE5 /* VFCDocumentViewController.h */ = {isa = PBXFileReference; fileEncoding = 4; lastKnownFileType = sourcecode.c.h; path = VFCDocumentViewController.h; sourceTree = "<group>"; };
		96BA683B1A40CBAB00F06EE5 /* VFCDocumentViewController.m */ = {isa = PBXFileReference; fileEncoding = 4; lastKnownFileType = sourcecode.c.objc; path = VFCDocumentViewController.m; sourceTree = "<group>"; };
		96BA683D1A40CDCE00F06EE5 /* MessageUI.framework */ = {isa = PBXFileReference; lastKnownFileType = wrapper.framework; name = MessageUI.framework; path = System/Library/Frameworks/MessageUI.framework; sourceTree = SDKROOT; };
		96CBBC431A488D410028CFE4 /* VFCCarat.h */ = {isa = PBXFileReference; fileEncoding = 4; lastKnownFileType = sourcecode.c.h; path = VFCCarat.h; sourceTree = "<group>"; };
		96CBBC441A488D410028CFE4 /* VFCCarat.m */ = {isa = PBXFileReference; fileEncoding = 4; lastKnownFileType = sourcecode.c.objc; path = VFCCarat.m; sourceTree = "<group>"; };
		96CBBC461A48A2370028CFE4 /* VFCResourcesViewController.h */ = {isa = PBXFileReference; fileEncoding = 4; lastKnownFileType = sourcecode.c.h; path = VFCResourcesViewController.h; sourceTree = "<group>"; };
		96CBBC471A48A2370028CFE4 /* VFCResourcesViewController.m */ = {isa = PBXFileReference; fileEncoding = 4; lastKnownFileType = sourcecode.c.objc; path = VFCResourcesViewController.m; sourceTree = "<group>"; };
		96CBBC491A48A4240028CFE4 /* Resources.plist */ = {isa = PBXFileReference; fileEncoding = 4; lastKnownFileType = text.plist.xml; path = Resources.plist; sourceTree = "<group>"; };
		96CBBC4B1A48A5AC0028CFE4 /* RCAMPad.pdf */ = {isa = PBXFileReference; lastKnownFileType = image.pdf; path = RCAMPad.pdf; sourceTree = "<group>"; };
		96CBBC4D1A48A9880028CFE4 /* VFCMacroTrendsViewController.h */ = {isa = PBXFileReference; fileEncoding = 4; lastKnownFileType = sourcecode.c.h; path = VFCMacroTrendsViewController.h; sourceTree = "<group>"; };
		96CBBC4E1A48A9880028CFE4 /* VFCMacroTrendsViewController.m */ = {isa = PBXFileReference; fileEncoding = 4; lastKnownFileType = sourcecode.c.objc; path = VFCMacroTrendsViewController.m; sourceTree = "<group>"; };
		96CF65571ABC63A7000B3E6C /* Asian Noodle Salad.pdf */ = {isa = PBXFileReference; lastKnownFileType = image.pdf; path = "Asian Noodle Salad.pdf"; sourceTree = "<group>"; };
		96CF65581ABC63A7000B3E6C /* Balsamic Blue Burger.pdf */ = {isa = PBXFileReference; lastKnownFileType = image.pdf; path = "Balsamic Blue Burger.pdf"; sourceTree = "<group>"; };
		96CF65591ABC63A7000B3E6C /* BBQ Chicken Chili Lollipops.pdf */ = {isa = PBXFileReference; lastKnownFileType = image.pdf; path = "BBQ Chicken Chili Lollipops.pdf"; sourceTree = "<group>"; };
		96CF655A1ABC63A7000B3E6C /* BBQ Corn Fritters with Riata.pdf */ = {isa = PBXFileReference; lastKnownFileType = image.pdf; path = "BBQ Corn Fritters with Riata.pdf"; sourceTree = "<group>"; };
		96CF655B1ABC63A7000B3E6C /* Beef Short Rib Tacos.pdf */ = {isa = PBXFileReference; lastKnownFileType = image.pdf; path = "Beef Short Rib Tacos.pdf"; sourceTree = "<group>"; };
		96CF655C1ABC63A7000B3E6C /* Black Sesame Soba Pasta Salad.pdf */ = {isa = PBXFileReference; lastKnownFileType = image.pdf; path = "Black Sesame Soba Pasta Salad.pdf"; sourceTree = "<group>"; };
		96CF655D1ABC63A7000B3E6C /* BLT Salad.pdf */ = {isa = PBXFileReference; lastKnownFileType = image.pdf; path = "BLT Salad.pdf"; sourceTree = "<group>"; };
		96CF655E1ABC63A7000B3E6C /* Buttermilk Marinade for Chicken.pdf */ = {isa = PBXFileReference; lastKnownFileType = image.pdf; path = "Buttermilk Marinade for Chicken.pdf"; sourceTree = "<group>"; };
		96CF655F1ABC63A7000B3E6C /* Chicken Vegetable Mousse.pdf */ = {isa = PBXFileReference; lastKnownFileType = image.pdf; path = "Chicken Vegetable Mousse.pdf"; sourceTree = "<group>"; };
		96CF65601ABC63A7000B3E6C /* Chicken Vegetable Patties Prep for the Chicken Truffle Burger.pdf */ = {isa = PBXFileReference; lastKnownFileType = image.pdf; path = "Chicken Vegetable Patties Prep for the Chicken Truffle Burger.pdf"; sourceTree = "<group>"; };
		96CF65611ABC63A7000B3E6C /* Citrus Raspberry Herb Vinaigrette.pdf */ = {isa = PBXFileReference; lastKnownFileType = image.pdf; path = "Citrus Raspberry Herb Vinaigrette.pdf"; sourceTree = "<group>"; };
		96CF65621ABC63A7000B3E6C /* Citrus Toasted Sesame Dressing.pdf */ = {isa = PBXFileReference; lastKnownFileType = image.pdf; path = "Citrus Toasted Sesame Dressing.pdf"; sourceTree = "<group>"; };
		96CF65631ABC63A7000B3E6C /* Crispy Pork Belly Pizza.pdf */ = {isa = PBXFileReference; lastKnownFileType = image.pdf; path = "Crispy Pork Belly Pizza.pdf"; sourceTree = "<group>"; };
		96CF65641ABC63A7000B3E6C /* Double Bourbon Pork Burger.pdf */ = {isa = PBXFileReference; lastKnownFileType = image.pdf; path = "Double Bourbon Pork Burger.pdf"; sourceTree = "<group>"; };
		96CF65651ABC63A7000B3E6C /* Double Sriracha Burger.pdf */ = {isa = PBXFileReference; lastKnownFileType = image.pdf; path = "Double Sriracha Burger.pdf"; sourceTree = "<group>"; };
		96CF65661ABC63A7000B3E6C /* Farmhouse Ranch Chicken Tenders-Marie's Yogurt Ranch Dressing.pdf */ = {isa = PBXFileReference; lastKnownFileType = image.pdf; path = "Farmhouse Ranch Chicken Tenders-Marie's Yogurt Ranch Dressing.pdf"; sourceTree = "<group>"; };
		96CF65671ABC63A7000B3E6C /* Firecracker Cauliflower with Dynamite Sauce.pdf */ = {isa = PBXFileReference; lastKnownFileType = image.pdf; path = "Firecracker Cauliflower with Dynamite Sauce.pdf"; sourceTree = "<group>"; };
		96CF65681ABC63A7000B3E6C /* Fresh Mozzarella Cheese, Roasted Mushroom and Fall Squash Salad.pdf */ = {isa = PBXFileReference; lastKnownFileType = image.pdf; path = "Fresh Mozzarella Cheese, Roasted Mushroom and Fall Squash Salad.pdf"; sourceTree = "<group>"; };
		96CF65691ABC63A7000B3E6C /* Fried Buttermilk Chicken.pdf */ = {isa = PBXFileReference; lastKnownFileType = image.pdf; path = "Fried Buttermilk Chicken.pdf"; sourceTree = "<group>"; };
		96CF656A1ABC63A7000B3E6C /* Fuyu Persimmon,Baby Arugula and Brie cheese salad.pdf */ = {isa = PBXFileReference; lastKnownFileType = image.pdf; path = "Fuyu Persimmon,Baby Arugula and Brie cheese salad.pdf"; sourceTree = "<group>"; };
		96CF656B1ABC63A7000B3E6C /* Grilled Egglant Fries-Marie's Yogurt Blue Cheese Dressing.pdf */ = {isa = PBXFileReference; lastKnownFileType = image.pdf; path = "Grilled Egglant Fries-Marie's Yogurt Blue Cheese Dressing.pdf"; sourceTree = "<group>"; };
		96CF656C1ABC63A7000B3E6C /* Grilled Portabella Mushroom Piadine-Marie's Yogurt Feta Cheese Dressing.pdf */ = {isa = PBXFileReference; lastKnownFileType = image.pdf; path = "Grilled Portabella Mushroom Piadine-Marie's Yogurt Feta Cheese Dressing.pdf"; sourceTree = "<group>"; };
		96CF656D1ABC63A7000B3E6C /* Guinness BBQ Braised Short Ribs 1.pdf */ = {isa = PBXFileReference; lastKnownFileType = image.pdf; path = "Guinness BBQ Braised Short Ribs 1.pdf"; sourceTree = "<group>"; };
		96CF656E1ABC63A7000B3E6C /* Herbed Vinaigrette.pdf */ = {isa = PBXFileReference; lastKnownFileType = image.pdf; path = "Herbed Vinaigrette.pdf"; sourceTree = "<group>"; };
		96CF656F1ABC63A7000B3E6C /* Honey Bourbon and Ranch Deviled Eggs.pdf */ = {isa = PBXFileReference; lastKnownFileType = image.pdf; path = "Honey Bourbon and Ranch Deviled Eggs.pdf"; sourceTree = "<group>"; };
		96CF65701ABC63A7000B3E6C /* Honey Bourbon Ice Cream.pdf */ = {isa = PBXFileReference; lastKnownFileType = image.pdf; path = "Honey Bourbon Ice Cream.pdf"; sourceTree = "<group>"; };
		96CF65711ABC63A7000B3E6C /* Italian Risotto Fritters Appetizer.pdf */ = {isa = PBXFileReference; lastKnownFileType = image.pdf; path = "Italian Risotto Fritters Appetizer.pdf"; sourceTree = "<group>"; };
		96CF65721ABC63A7000B3E6C /* Jalapeno cilantro cream sauce.pdf */ = {isa = PBXFileReference; lastKnownFileType = image.pdf; path = "Jalapeno cilantro cream sauce.pdf"; sourceTree = "<group>"; };
		96CF65731ABC63A7000B3E6C /* Jalapeno Tartar sauce.pdf */ = {isa = PBXFileReference; lastKnownFileType = image.pdf; path = "Jalapeno Tartar sauce.pdf"; sourceTree = "<group>"; };
		96CF65741ABC63A7000B3E6C /* Korean BBQ Pork Lion.pdf */ = {isa = PBXFileReference; lastKnownFileType = image.pdf; path = "Korean BBQ Pork Lion.pdf"; sourceTree = "<group>"; };
		96CF65751ABC63A7000B3E6C /* Lamb Carnitas Sliders.pdf */ = {isa = PBXFileReference; lastKnownFileType = image.pdf; path = "Lamb Carnitas Sliders.pdf"; sourceTree = "<group>"; };
		96CF65761ABC63A7000B3E6C /* Miso Cod Marination.pdf */ = {isa = PBXFileReference; lastKnownFileType = image.pdf; path = "Miso Cod Marination.pdf"; sourceTree = "<group>"; };
		96CF65771ABC63A7000B3E6C /* One Pound Stuffed Burger- Maytag blue cheese, onion jam,Peppered bacon.pdf */ = {isa = PBXFileReference; lastKnownFileType = image.pdf; path = "One Pound Stuffed Burger- Maytag blue cheese, onion jam,Peppered bacon.pdf"; sourceTree = "<group>"; };
		96CF65781ABC63A7000B3E6C /* Panko-Parmesan Cheese Bread Crumbs Prep.pdf */ = {isa = PBXFileReference; lastKnownFileType = image.pdf; path = "Panko-Parmesan Cheese Bread Crumbs Prep.pdf"; sourceTree = "<group>"; };
		96CF65791ABC63A7000B3E6C /* Pesto Ranch Sauce.pdf */ = {isa = PBXFileReference; lastKnownFileType = image.pdf; path = "Pesto Ranch Sauce.pdf"; sourceTree = "<group>"; };
		96CF657A1ABC63A7000B3E6C /* Pork Belly Skewers.pdf */ = {isa = PBXFileReference; lastKnownFileType = image.pdf; path = "Pork Belly Skewers.pdf"; sourceTree = "<group>"; };
		96CF657B1ABC63A7000B3E6C /* Port Wine Fig- Green peppercorn cream sauce.pdf */ = {isa = PBXFileReference; lastKnownFileType = image.pdf; path = "Port Wine Fig- Green peppercorn cream sauce.pdf"; sourceTree = "<group>"; };
		96CF657C1ABC63A7000B3E6C /* Quinoa Baby Kale Summer Tomato Salad-Marie's Yogurt Parmesan Garlic Dressing.pdf */ = {isa = PBXFileReference; lastKnownFileType = image.pdf; path = "Quinoa Baby Kale Summer Tomato Salad-Marie's Yogurt Parmesan Garlic Dressing.pdf"; sourceTree = "<group>"; };
		96CF657D1ABC63A7000B3E6C /* Red Miso Pann Roasted Cod.pdf */ = {isa = PBXFileReference; lastKnownFileType = image.pdf; path = "Red Miso Pann Roasted Cod.pdf"; sourceTree = "<group>"; };
		96CF657E1ABC63A7000B3E6C /* Red Robin - Duel 3.pdf */ = {isa = PBXFileReference; lastKnownFileType = image.pdf; path = "Red Robin - Duel 3.pdf"; sourceTree = "<group>"; };
		96CF657F1ABC63A7000B3E6C /* Red Robin Fall Innovation Summit Ventura Foods Category Submissions Power Point.pdf */ = {isa = PBXFileReference; lastKnownFileType = image.pdf; path = "Red Robin Fall Innovation Summit Ventura Foods Category Submissions Power Point.pdf"; sourceTree = "<group>"; };
		96CF65801ABC63A7000B3E6C /* Red Robin Innovation Summit.pdf */ = {isa = PBXFileReference; lastKnownFileType = image.pdf; path = "Red Robin Innovation Summit.pdf"; sourceTree = "<group>"; };
		96CF65811ABC63A7000B3E6C /* Roast Pork Loin with Chicken Vegetable Mousse.pdf */ = {isa = PBXFileReference; lastKnownFileType = image.pdf; path = "Roast Pork Loin with Chicken Vegetable Mousse.pdf"; sourceTree = "<group>"; };
		96CF65821ABC63A7000B3E6C /* Roasted Beets prep.pdf */ = {isa = PBXFileReference; lastKnownFileType = image.pdf; path = "Roasted Beets prep.pdf"; sourceTree = "<group>"; };
		96CF65831ABC63A7000B3E6C /* Roasted Beets, Feta cheese, Fennel , Arugula and Orange Salad entree.pdf */ = {isa = PBXFileReference; lastKnownFileType = image.pdf; path = "Roasted Beets, Feta cheese, Fennel , Arugula and Orange Salad entree.pdf"; sourceTree = "<group>"; };
		96CF65841ABC63A7000B3E6C /* Roasted Herbed Tomatoes for Truffle Chicken Burger.pdf */ = {isa = PBXFileReference; lastKnownFileType = image.pdf; path = "Roasted Herbed Tomatoes for Truffle Chicken Burger.pdf"; sourceTree = "<group>"; };
		96CF65851ABC63A7000B3E6C /* Roasted Mushroom Procedure.pdf */ = {isa = PBXFileReference; lastKnownFileType = image.pdf; path = "Roasted Mushroom Procedure.pdf"; sourceTree = "<group>"; };
		96CF65861ABC63A7000B3E6C /* Roasted Squash Procedure.pdf */ = {isa = PBXFileReference; lastKnownFileType = image.pdf; path = "Roasted Squash Procedure.pdf"; sourceTree = "<group>"; };
		96CF65871ABC63A7000B3E6C /* Sausage Risotto Balls Breading.pdf */ = {isa = PBXFileReference; lastKnownFileType = image.pdf; path = "Sausage Risotto Balls Breading.pdf"; sourceTree = "<group>"; };
		96CF65881ABC63A7000B3E6C /* Sausage Risotto Balls.pdf */ = {isa = PBXFileReference; lastKnownFileType = image.pdf; path = "Sausage Risotto Balls.pdf"; sourceTree = "<group>"; };
		96CF65891ABC63A7000B3E6C /* Shrimp Po' Boy Burger.pdf */ = {isa = PBXFileReference; lastKnownFileType = image.pdf; path = "Shrimp Po' Boy Burger.pdf"; sourceTree = "<group>"; };
		96CF658A1ABC63A7000B3E6C /* Smoke House Applewood Bacon Burger.pdf */ = {isa = PBXFileReference; lastKnownFileType = image.pdf; path = "Smoke House Applewood Bacon Burger.pdf"; sourceTree = "<group>"; };
		96CF658B1ABC63A7000B3E6C /* Smoked beef tenderloin.pdf */ = {isa = PBXFileReference; lastKnownFileType = image.pdf; path = "Smoked beef tenderloin.pdf"; sourceTree = "<group>"; };
		96CF658C1ABC63A7000B3E6C /* Southwest Green Chili Turkey Burger.pdf */ = {isa = PBXFileReference; lastKnownFileType = image.pdf; path = "Southwest Green Chili Turkey Burger.pdf"; sourceTree = "<group>"; };
		96CF658D1ABC63A7000B3E6C /* Spicy BBQ Ranch Burger.pdf */ = {isa = PBXFileReference; lastKnownFileType = image.pdf; path = "Spicy BBQ Ranch Burger.pdf"; sourceTree = "<group>"; };
		96CF658E1ABC63A7000B3E6C /* Sriracha 1000 Island.pdf */ = {isa = PBXFileReference; lastKnownFileType = image.pdf; path = "Sriracha 1000 Island.pdf"; sourceTree = "<group>"; };
		96CF658F1ABC63A7000B3E6C /* Sriracha Ranch.pdf */ = {isa = PBXFileReference; lastKnownFileType = image.pdf; path = "Sriracha Ranch.pdf"; sourceTree = "<group>"; };
		96CF65901ABC63A7000B3E6C /* Sweet Mango-Habanero Chili Sauce Prep.pdf */ = {isa = PBXFileReference; lastKnownFileType = image.pdf; path = "Sweet Mango-Habanero Chili Sauce Prep.pdf"; sourceTree = "<group>"; };
		96CF65911ABC63A7000B3E6C /* Tailgate Burger .pdf */ = {isa = PBXFileReference; lastKnownFileType = image.pdf; path = "Tailgate Burger .pdf"; sourceTree = "<group>"; };
		96CF65921ABC63A7000B3E6C /* Truffle Chicken Burger.pdf */ = {isa = PBXFileReference; lastKnownFileType = image.pdf; path = "Truffle Chicken Burger.pdf"; sourceTree = "<group>"; };
		96CF65931ABC63A7000B3E6C /* Truffle Mayonnaise for the Chicken Truffle Burger.pdf */ = {isa = PBXFileReference; lastKnownFileType = image.pdf; path = "Truffle Mayonnaise for the Chicken Truffle Burger.pdf"; sourceTree = "<group>"; };
		96CF65941ABC63A7000B3E6C /* Wild Mushroom-White Cheddar stuffed burger.pdf */ = {isa = PBXFileReference; lastKnownFileType = image.pdf; path = "Wild Mushroom-White Cheddar stuffed burger.pdf"; sourceTree = "<group>"; };
		96CF65951ABC63A7000B3E6C /* Yukon Gold Potato-Leek Gratin.pdf */ = {isa = PBXFileReference; lastKnownFileType = image.pdf; path = "Yukon Gold Potato-Leek Gratin.pdf"; sourceTree = "<group>"; };
		96D256831A6EAE4B00980899 /* MacroTrends.plist */ = {isa = PBXFileReference; fileEncoding = 4; lastKnownFileType = text.plist.xml; path = MacroTrends.plist; sourceTree = "<group>"; };
		96D256861A6EAE7200980899 /* VFCMacroTrend.h */ = {isa = PBXFileReference; fileEncoding = 4; lastKnownFileType = sourcecode.c.h; path = VFCMacroTrend.h; sourceTree = "<group>"; };
		96D256871A6EAE7200980899 /* VFCMacroTrend.m */ = {isa = PBXFileReference; fileEncoding = 4; lastKnownFileType = sourcecode.c.objc; path = VFCMacroTrend.m; sourceTree = "<group>"; };
		96D2568A1A6EE47D00980899 /* VFCSegmentChoice.h */ = {isa = PBXFileReference; fileEncoding = 4; lastKnownFileType = sourcecode.c.h; path = VFCSegmentChoice.h; sourceTree = "<group>"; };
		96D2568B1A6EE47D00980899 /* VFCSegmentChoice.m */ = {isa = PBXFileReference; fileEncoding = 4; lastKnownFileType = sourcecode.c.objc; path = VFCSegmentChoice.m; sourceTree = "<group>"; };
		96D2568D1A6EE48B00980899 /* VFCSegmentChoicesViewController.h */ = {isa = PBXFileReference; fileEncoding = 4; lastKnownFileType = sourcecode.c.h; path = VFCSegmentChoicesViewController.h; sourceTree = "<group>"; };
		96D2568E1A6EE48B00980899 /* VFCSegmentChoicesViewController.m */ = {isa = PBXFileReference; fileEncoding = 4; lastKnownFileType = sourcecode.c.objc; path = VFCSegmentChoicesViewController.m; sourceTree = "<group>"; };
		96D256901A6EE4DF00980899 /* SegmentChoices.plist */ = {isa = PBXFileReference; fileEncoding = 4; lastKnownFileType = text.plist.xml; path = SegmentChoices.plist; sourceTree = "<group>"; };
		96E53D4B1AB85C7600EB4D30 /* VFCKit.h */ = {isa = PBXFileReference; fileEncoding = 4; lastKnownFileType = sourcecode.c.h; path = VFCKit.h; sourceTree = "<group>"; };
		96E53D501AB85C7600EB4D30 /* VFCUtilities.h */ = {isa = PBXFileReference; fileEncoding = 4; lastKnownFileType = sourcecode.c.h; path = VFCUtilities.h; sourceTree = "<group>"; };
		96E53D511AB85C7600EB4D30 /* VFCUtilities.m */ = {isa = PBXFileReference; fileEncoding = 4; lastKnownFileType = sourcecode.c.objc; path = VFCUtilities.m; sourceTree = "<group>"; };
		96E681FF1ADC12A600877D24 /* Tutorial.plist */ = {isa = PBXFileReference; fileEncoding = 4; lastKnownFileType = text.plist.xml; path = Tutorial.plist; sourceTree = "<group>"; };
		CC7D60348C1E03F1C3662BC5 /* Pods.distribution.xcconfig */ = {isa = PBXFileReference; includeInIndex = 1; lastKnownFileType = text.xcconfig; name = Pods.distribution.xcconfig; path = "Pods/Target Support Files/Pods/Pods.distribution.xcconfig"; sourceTree = "<group>"; };
/* End PBXFileReference section */

/* Begin PBXFrameworksBuildPhase section */
		96BA67F81A40C5DA00F06EE5 /* Frameworks */ = {
			isa = PBXFrameworksBuildPhase;
			buildActionMask = 2147483647;
			files = (
				96BA683E1A40CDCE00F06EE5 /* MessageUI.framework in Frameworks */,
				2E6BD4CE2BEE99142A4D597F /* libPods.a in Frameworks */,
			);
			runOnlyForDeploymentPostprocessing = 0;
		};
/* End PBXFrameworksBuildPhase section */

/* Begin PBXGroup section */
		73A2F127B893DA83C9BA626E /* Pods */ = {
			isa = PBXGroup;
			children = (
				357EE48D69ED222AC7BAA996 /* Pods.debug.xcconfig */,
				4E10CB4FA818A06B651FDF43 /* Pods.release.xcconfig */,
				5EDA312883CB7B735DE51271 /* Pods.distribution xm.xcconfig */,
				CC7D60348C1E03F1C3662BC5 /* Pods.distribution.xcconfig */,
				3FD60DC7C4E977A40ACE14CA /* Pods.distribution qa.xcconfig */,
			);
			name = Pods;
			sourceTree = "<group>";
		};
		964C3F541A812EA100052C05 /* Speaker Notes */ = {
			isa = PBXGroup;
			children = (
				965355AF1A7FDA6E003755F0 /* VFCSpeakerNotesManager.h */,
				965355B01A7FDA6E003755F0 /* VFCSpeakerNotesManager.m */,
				960BEFB61A7A9A69002658BE /* VFCSpeakerNotesViewController.h */,
				960BEFB71A7A9A69002658BE /* VFCSpeakerNotesViewController.m */,
			);
			name = "Speaker Notes";
			sourceTree = "<group>";
		};
		96B3DF3D1A7BC96300CEF105 /* Gap Analysis */ = {
			isa = PBXGroup;
			children = (
				96B3DF3F1A7BC98700CEF105 /* VFCGapAnalysisViewController.h */,
				96B3DF401A7BC98700CEF105 /* VFCGapAnalysisViewController.m */,
				965355B51A7FF7FE003755F0 /* VFCProductsViewController.h */,
				965355B61A7FF7FE003755F0 /* VFCProductsViewController.m */,
				965355B21A7FF7F2003755F0 /* VFCRecipesViewController.h */,
				965355B31A7FF7F2003755F0 /* VFCRecipesViewController.m */,
			);
			name = "Gap Analysis";
			sourceTree = "<group>";
		};
		96B3DF3E1A7BC96D00CEF105 /* Solution */ = {
			isa = PBXGroup;
			children = (
				96B3DF421A7BC99400CEF105 /* VFCSolutionViewController.h */,
				96B3DF431A7BC99400CEF105 /* VFCSolutionViewController.m */,
			);
			name = Solution;
			sourceTree = "<group>";
		};
		96B3DF481A7BDDA800CEF105 /* Document */ = {
			isa = PBXGroup;
			children = (
				96CBBC431A488D410028CFE4 /* VFCCarat.h */,
				96CBBC441A488D410028CFE4 /* VFCCarat.m */,
				96957EF71A44A5E800BB4E86 /* VFCCrumbTrailView.h */,
				96957EF81A44A5E800BB4E86 /* VFCCrumbTrailView.m */,
				96BA68311A40C7D300F06EE5 /* VFCDocument.h */,
				96BA68321A40C7D300F06EE5 /* VFCDocument.m */,
				96B2A2241A43155A0051E38D /* VFCDocumentHeaderView.h */,
				96B2A2251A43155A0051E38D /* VFCDocumentHeaderView.m */,
				96BA683A1A40CBAB00F06EE5 /* VFCDocumentViewController.h */,
				96BA683B1A40CBAB00F06EE5 /* VFCDocumentViewController.m */,
				965355AA1A7FB43E003755F0 /* VFCPagesView.h */,
				965355AB1A7FB43E003755F0 /* VFCPagesView.m */,
				96B3DF451A7BD35E00CEF105 /* VFCPageView.h */,
				96B3DF461A7BD35E00CEF105 /* VFCPageView.m */,
				96957EFD1A44A84600BB4E86 /* VFCSegmentButton.h */,
				96957EFE1A44A84600BB4E86 /* VFCSegmentButton.m */,
			);
			name = Document;
			sourceTree = "<group>";
		};
		96BA67F21A40C5DA00F06EE5 = {
			isa = PBXGroup;
			children = (
				96BA67FD1A40C5DA00F06EE5 /* RCAMPad */,
				96BA67FC1A40C5DA00F06EE5 /* Products */,
				A050F3B7CD77E90E6839C370 /* Frameworks */,
				73A2F127B893DA83C9BA626E /* Pods */,
			);
			sourceTree = "<group>";
		};
		96BA67FC1A40C5DA00F06EE5 /* Products */ = {
			isa = PBXGroup;
			children = (
				96BA67FB1A40C5DA00F06EE5 /* RCAMPad.app */,
			);
			name = Products;
			sourceTree = "<group>";
		};
		96BA67FD1A40C5DA00F06EE5 /* RCAMPad */ = {
			isa = PBXGroup;
			children = (
				96E53D431AB85C7600EB4D30 /* VFCKit */,
				96BA68241A40C6DB00F06EE5 /* Classes */,
				96BA68291A40C6DB00F06EE5 /* Resources */,
				96BA68081A40C5DA00F06EE5 /* Main.storyboard */,
				96BA680B1A40C5DA00F06EE5 /* Images.xcassets */,
				96BA680D1A40C5DA00F06EE5 /* LaunchScreen.xib */,
				96BA67FE1A40C5DA00F06EE5 /* Supporting Files */,
			);
			path = RCAMPad;
			sourceTree = "<group>";
		};
		96BA67FE1A40C5DA00F06EE5 /* Supporting Files */ = {
			isa = PBXGroup;
			children = (
				96BA67FF1A40C5DA00F06EE5 /* Info.plist */,
				96BA68001A40C5DA00F06EE5 /* main.m */,
			);
			name = "Supporting Files";
			sourceTree = "<group>";
		};
		96BA68241A40C6DB00F06EE5 /* Classes */ = {
			isa = PBXGroup;
			children = (
				96BA68251A40C6DB00F06EE5 /* AppDelegate.h */,
				96BA68261A40C6DB00F06EE5 /* AppDelegate.m */,
				96BA68271A40C6DB00F06EE5 /* ViewController.h */,
				96BA68281A40C6DB00F06EE5 /* ViewController.m */,
				966F2D941A825EC6006417DC /* VFCDeepDiveViewController.h */,
				966F2D951A825EC6006417DC /* VFCDeepDiveViewController.m */,
				96CBBC461A48A2370028CFE4 /* VFCResourcesViewController.h */,
				96CBBC471A48A2370028CFE4 /* VFCResourcesViewController.m */,
				96B3DF481A7BDDA800CEF105 /* Document */,
				96D256851A6EAE5100980899 /* Macro Trend */,
				96D256891A6EE46800980899 /* Segment Choice */,
				964C3F541A812EA100052C05 /* Speaker Notes */,
				96B3DF3D1A7BC96300CEF105 /* Gap Analysis */,
				96B3DF3E1A7BC96D00CEF105 /* Solution */,
			);
			path = Classes;
			sourceTree = "<group>";
		};
		96BA68291A40C6DB00F06EE5 /* Resources */ = {
			isa = PBXGroup;
			children = (
				96BA682A1A40C6DB00F06EE5 /* Audio */,
				96BA682B1A40C6DB00F06EE5 /* Data */,
				96BA682C1A40C6DB00F06EE5 /* Graphics */,
			);
			path = Resources;
			sourceTree = "<group>";
		};
		96BA682A1A40C6DB00F06EE5 /* Audio */ = {
			isa = PBXGroup;
			children = (
			);
			path = Audio;
			sourceTree = "<group>";
		};
		96BA682B1A40C6DB00F06EE5 /* Data */ = {
			isa = PBXGroup;
			children = (
				96CF65561ABC63A7000B3E6C /* Recipes */,
				96CBBC4B1A48A5AC0028CFE4 /* RCAMPad.pdf */,
				96BA682F1A40C6F600F06EE5 /* UserDefaults.plist */,
				96CBBC491A48A4240028CFE4 /* Resources.plist */,
				96D256831A6EAE4B00980899 /* MacroTrends.plist */,
				96D256901A6EE4DF00980899 /* SegmentChoices.plist */,
				965355AD1A7FDA57003755F0 /* SpeakerNotes.plist */,
				965355B81A8008F4003755F0 /* Tags.plist */,
				96E681FF1ADC12A600877D24 /* Tutorial.plist */,
			);
			path = Data;
			sourceTree = "<group>";
		};
		96BA682C1A40C6DB00F06EE5 /* Graphics */ = {
			isa = PBXGroup;
			children = (
			);
			path = Graphics;
			sourceTree = "<group>";
		};
		96CF65561ABC63A7000B3E6C /* Recipes */ = {
			isa = PBXGroup;
			children = (
				96CF65571ABC63A7000B3E6C /* Asian Noodle Salad.pdf */,
				96CF65581ABC63A7000B3E6C /* Balsamic Blue Burger.pdf */,
				96CF65591ABC63A7000B3E6C /* BBQ Chicken Chili Lollipops.pdf */,
				96CF655A1ABC63A7000B3E6C /* BBQ Corn Fritters with Riata.pdf */,
				96CF655B1ABC63A7000B3E6C /* Beef Short Rib Tacos.pdf */,
				96CF655C1ABC63A7000B3E6C /* Black Sesame Soba Pasta Salad.pdf */,
				96CF655D1ABC63A7000B3E6C /* BLT Salad.pdf */,
				96CF655E1ABC63A7000B3E6C /* Buttermilk Marinade for Chicken.pdf */,
				96CF655F1ABC63A7000B3E6C /* Chicken Vegetable Mousse.pdf */,
				96CF65601ABC63A7000B3E6C /* Chicken Vegetable Patties Prep for the Chicken Truffle Burger.pdf */,
				96CF65611ABC63A7000B3E6C /* Citrus Raspberry Herb Vinaigrette.pdf */,
				96CF65621ABC63A7000B3E6C /* Citrus Toasted Sesame Dressing.pdf */,
				96CF65631ABC63A7000B3E6C /* Crispy Pork Belly Pizza.pdf */,
				96CF65641ABC63A7000B3E6C /* Double Bourbon Pork Burger.pdf */,
				96CF65651ABC63A7000B3E6C /* Double Sriracha Burger.pdf */,
				96CF65661ABC63A7000B3E6C /* Farmhouse Ranch Chicken Tenders-Marie's Yogurt Ranch Dressing.pdf */,
				96CF65671ABC63A7000B3E6C /* Firecracker Cauliflower with Dynamite Sauce.pdf */,
				96CF65681ABC63A7000B3E6C /* Fresh Mozzarella Cheese, Roasted Mushroom and Fall Squash Salad.pdf */,
				96CF65691ABC63A7000B3E6C /* Fried Buttermilk Chicken.pdf */,
				96CF656A1ABC63A7000B3E6C /* Fuyu Persimmon,Baby Arugula and Brie cheese salad.pdf */,
				96CF656B1ABC63A7000B3E6C /* Grilled Egglant Fries-Marie's Yogurt Blue Cheese Dressing.pdf */,
				96CF656C1ABC63A7000B3E6C /* Grilled Portabella Mushroom Piadine-Marie's Yogurt Feta Cheese Dressing.pdf */,
				96CF656D1ABC63A7000B3E6C /* Guinness BBQ Braised Short Ribs 1.pdf */,
				96CF656E1ABC63A7000B3E6C /* Herbed Vinaigrette.pdf */,
				96CF656F1ABC63A7000B3E6C /* Honey Bourbon and Ranch Deviled Eggs.pdf */,
				96CF65701ABC63A7000B3E6C /* Honey Bourbon Ice Cream.pdf */,
				96CF65711ABC63A7000B3E6C /* Italian Risotto Fritters Appetizer.pdf */,
				96CF65721ABC63A7000B3E6C /* Jalapeno cilantro cream sauce.pdf */,
				96CF65731ABC63A7000B3E6C /* Jalapeno Tartar sauce.pdf */,
				96CF65741ABC63A7000B3E6C /* Korean BBQ Pork Lion.pdf */,
				96CF65751ABC63A7000B3E6C /* Lamb Carnitas Sliders.pdf */,
				96CF65761ABC63A7000B3E6C /* Miso Cod Marination.pdf */,
				96CF65771ABC63A7000B3E6C /* One Pound Stuffed Burger- Maytag blue cheese, onion jam,Peppered bacon.pdf */,
				96CF65781ABC63A7000B3E6C /* Panko-Parmesan Cheese Bread Crumbs Prep.pdf */,
				96CF65791ABC63A7000B3E6C /* Pesto Ranch Sauce.pdf */,
				96CF657A1ABC63A7000B3E6C /* Pork Belly Skewers.pdf */,
				96CF657B1ABC63A7000B3E6C /* Port Wine Fig- Green peppercorn cream sauce.pdf */,
				96CF657C1ABC63A7000B3E6C /* Quinoa Baby Kale Summer Tomato Salad-Marie's Yogurt Parmesan Garlic Dressing.pdf */,
				96CF657D1ABC63A7000B3E6C /* Red Miso Pann Roasted Cod.pdf */,
				96CF657E1ABC63A7000B3E6C /* Red Robin - Duel 3.pdf */,
				96CF657F1ABC63A7000B3E6C /* Red Robin Fall Innovation Summit Ventura Foods Category Submissions Power Point.pdf */,
				96CF65801ABC63A7000B3E6C /* Red Robin Innovation Summit.pdf */,
				96CF65811ABC63A7000B3E6C /* Roast Pork Loin with Chicken Vegetable Mousse.pdf */,
				96CF65821ABC63A7000B3E6C /* Roasted Beets prep.pdf */,
				96CF65831ABC63A7000B3E6C /* Roasted Beets, Feta cheese, Fennel , Arugula and Orange Salad entree.pdf */,
				96CF65841ABC63A7000B3E6C /* Roasted Herbed Tomatoes for Truffle Chicken Burger.pdf */,
				96CF65851ABC63A7000B3E6C /* Roasted Mushroom Procedure.pdf */,
				96CF65861ABC63A7000B3E6C /* Roasted Squash Procedure.pdf */,
				96CF65871ABC63A7000B3E6C /* Sausage Risotto Balls Breading.pdf */,
				96CF65881ABC63A7000B3E6C /* Sausage Risotto Balls.pdf */,
				96CF65891ABC63A7000B3E6C /* Shrimp Po' Boy Burger.pdf */,
				96CF658A1ABC63A7000B3E6C /* Smoke House Applewood Bacon Burger.pdf */,
				96CF658B1ABC63A7000B3E6C /* Smoked beef tenderloin.pdf */,
				96CF658C1ABC63A7000B3E6C /* Southwest Green Chili Turkey Burger.pdf */,
				96CF658D1ABC63A7000B3E6C /* Spicy BBQ Ranch Burger.pdf */,
				96CF658E1ABC63A7000B3E6C /* Sriracha 1000 Island.pdf */,
				96CF658F1ABC63A7000B3E6C /* Sriracha Ranch.pdf */,
				96CF65901ABC63A7000B3E6C /* Sweet Mango-Habanero Chili Sauce Prep.pdf */,
				96CF65911ABC63A7000B3E6C /* Tailgate Burger .pdf */,
				96CF65921ABC63A7000B3E6C /* Truffle Chicken Burger.pdf */,
				96CF65931ABC63A7000B3E6C /* Truffle Mayonnaise for the Chicken Truffle Burger.pdf */,
				96CF65941ABC63A7000B3E6C /* Wild Mushroom-White Cheddar stuffed burger.pdf */,
				96CF65951ABC63A7000B3E6C /* Yukon Gold Potato-Leek Gratin.pdf */,
			);
			path = Recipes;
			sourceTree = "<group>";
		};
		96D256851A6EAE5100980899 /* Macro Trend */ = {
			isa = PBXGroup;
			children = (
				96D256861A6EAE7200980899 /* VFCMacroTrend.h */,
				96D256871A6EAE7200980899 /* VFCMacroTrend.m */,
				96CBBC4D1A48A9880028CFE4 /* VFCMacroTrendsViewController.h */,
				96CBBC4E1A48A9880028CFE4 /* VFCMacroTrendsViewController.m */,
			);
			name = "Macro Trend";
			sourceTree = "<group>";
		};
		96D256891A6EE46800980899 /* Segment Choice */ = {
			isa = PBXGroup;
			children = (
				96D2568A1A6EE47D00980899 /* VFCSegmentChoice.h */,
				96D2568B1A6EE47D00980899 /* VFCSegmentChoice.m */,
				96D2568D1A6EE48B00980899 /* VFCSegmentChoicesViewController.h */,
				96D2568E1A6EE48B00980899 /* VFCSegmentChoicesViewController.m */,
			);
			name = "Segment Choice";
			sourceTree = "<group>";
		};
		96E53D431AB85C7600EB4D30 /* VFCKit */ = {
			isa = PBXGroup;
			children = (
				96E53D4B1AB85C7600EB4D30 /* VFCKit.h */,
				9630D90B1B9480770000CCC8 /* VFCApplicationInformationViewController.h */,
				9630D90C1B9480770000CCC8 /* VFCApplicationInformationViewController.m */,
				9630D90D1B9480770000CCC8 /* VFCVersionTracker.h */,
				9630D90E1B9480770000CCC8 /* VFCVersionTracker.m */,
				96E53D501AB85C7600EB4D30 /* VFCUtilities.h */,
				96E53D511AB85C7600EB4D30 /* VFCUtilities.m */,
				9630D9111B9480890000CCC8 /* VFCTutorialViewController.h */,
				9630D9121B9480890000CCC8 /* VFCTutorialViewController.m */,
			);
			name = VFCKit;
			path = ../../VFCKit/VFCKit;
			sourceTree = "<group>";
		};
		A050F3B7CD77E90E6839C370 /* Frameworks */ = {
			isa = PBXGroup;
			children = (
				96BA683D1A40CDCE00F06EE5 /* MessageUI.framework */,
				5ACB752F04D03D6CB74C71AE /* libPods.a */,
			);
			name = Frameworks;
			sourceTree = "<group>";
		};
/* End PBXGroup section */

/* Begin PBXNativeTarget section */
		96BA67FA1A40C5DA00F06EE5 /* RCAMPad */ = {
			isa = PBXNativeTarget;
			buildConfigurationList = 96BA681E1A40C5DB00F06EE5 /* Build configuration list for PBXNativeTarget "RCAMPad" */;
			buildPhases = (
				81B15445F3D24BF24354D301 /* Check Pods Manifest.lock */,
				96BA67F71A40C5DA00F06EE5 /* Sources */,
				96BA67F81A40C5DA00F06EE5 /* Frameworks */,
				96BA67F91A40C5DA00F06EE5 /* Resources */,
				96AC2F3B1A433DB400A6BC56 /* Embed Frameworks */,
				545EC6398EC5A0545B1FC54D /* Copy Pods Resources */,
			);
			buildRules = (
			);
			dependencies = (
			);
			name = RCAMPad;
			productName = RCAMPad;
			productReference = 96BA67FB1A40C5DA00F06EE5 /* RCAMPad.app */;
			productType = "com.apple.product-type.application";
		};
/* End PBXNativeTarget section */

/* Begin PBXProject section */
		96BA67F31A40C5DA00F06EE5 /* Project object */ = {
			isa = PBXProject;
			attributes = {
				LastUpgradeCheck = 0610;
				ORGANIZATIONNAME = "Xcelerate Media Inc.";
				TargetAttributes = {
					96BA67FA1A40C5DA00F06EE5 = {
						CreatedOnToolsVersion = 6.1.1;
						DevelopmentTeam = MDP7N4A75H;
					};
				};
			};
			buildConfigurationList = 96BA67F61A40C5DA00F06EE5 /* Build configuration list for PBXProject "RCAMPad" */;
			compatibilityVersion = "Xcode 3.2";
			developmentRegion = English;
			hasScannedForEncodings = 0;
			knownRegions = (
				en,
				Base,
			);
			mainGroup = 96BA67F21A40C5DA00F06EE5;
			productRefGroup = 96BA67FC1A40C5DA00F06EE5 /* Products */;
			projectDirPath = "";
			projectRoot = "";
			targets = (
				96BA67FA1A40C5DA00F06EE5 /* RCAMPad */,
			);
		};
/* End PBXProject section */

/* Begin PBXResourcesBuildPhase section */
		96BA67F91A40C5DA00F06EE5 /* Resources */ = {
			isa = PBXResourcesBuildPhase;
			buildActionMask = 2147483647;
			files = (
				96CF659A1ABC63A7000B3E6C /* Beef Short Rib Tacos.pdf in Resources */,
				965355B91A8008F4003755F0 /* Tags.plist in Resources */,
				96CF65D01ABC63A7000B3E6C /* Tailgate Burger .pdf in Resources */,
				96CF65B71ABC63A7000B3E6C /* Panko-Parmesan Cheese Bread Crumbs Prep.pdf in Resources */,
				96CF65B41ABC63A7000B3E6C /* Lamb Carnitas Sliders.pdf in Resources */,
				96CF65C01ABC63A7000B3E6C /* Roast Pork Loin with Chicken Vegetable Mousse.pdf in Resources */,
				965355AE1A7FDA57003755F0 /* SpeakerNotes.plist in Resources */,
				96CF65CC1ABC63A7000B3E6C /* Spicy BBQ Ranch Burger.pdf in Resources */,
				96CF65C11ABC63A7000B3E6C /* Roasted Beets prep.pdf in Resources */,
				96CF65D31ABC63A7000B3E6C /* Wild Mushroom-White Cheddar stuffed burger.pdf in Resources */,
				96CF659E1ABC63A7000B3E6C /* Chicken Vegetable Mousse.pdf in Resources */,
				96CF65C51ABC63A7000B3E6C /* Roasted Squash Procedure.pdf in Resources */,
				96CF65991ABC63A7000B3E6C /* BBQ Corn Fritters with Riata.pdf in Resources */,
				96CF65BD1ABC63A7000B3E6C /* Red Robin - Duel 3.pdf in Resources */,
				96CF65B21ABC63A7000B3E6C /* Jalapeno Tartar sauce.pdf in Resources */,
				96CF65981ABC63A7000B3E6C /* BBQ Chicken Chili Lollipops.pdf in Resources */,
				96CF65A91ABC63A7000B3E6C /* Fuyu Persimmon,Baby Arugula and Brie cheese salad.pdf in Resources */,
				96CF65A81ABC63A7000B3E6C /* Fried Buttermilk Chicken.pdf in Resources */,
				96CF65A61ABC63A7000B3E6C /* Firecracker Cauliflower with Dynamite Sauce.pdf in Resources */,
				96CF65C91ABC63A7000B3E6C /* Smoke House Applewood Bacon Burger.pdf in Resources */,
				96CF65A41ABC63A7000B3E6C /* Double Sriracha Burger.pdf in Resources */,
				96CF65BC1ABC63A7000B3E6C /* Red Miso Pann Roasted Cod.pdf in Resources */,
				96CF65B31ABC63A7000B3E6C /* Korean BBQ Pork Lion.pdf in Resources */,
				96CF65CF1ABC63A7000B3E6C /* Sweet Mango-Habanero Chili Sauce Prep.pdf in Resources */,
				96CF65CD1ABC63A7000B3E6C /* Sriracha 1000 Island.pdf in Resources */,
				96CF65D41ABC63A7000B3E6C /* Yukon Gold Potato-Leek Gratin.pdf in Resources */,
				96CF65C81ABC63A7000B3E6C /* Shrimp Po' Boy Burger.pdf in Resources */,
				96CF65C21ABC63A7000B3E6C /* Roasted Beets, Feta cheese, Fennel , Arugula and Orange Salad entree.pdf in Resources */,
				96CF65B81ABC63A7000B3E6C /* Pesto Ranch Sauce.pdf in Resources */,
				96CF659B1ABC63A7000B3E6C /* Black Sesame Soba Pasta Salad.pdf in Resources */,
				96CF65A11ABC63A7000B3E6C /* Citrus Toasted Sesame Dressing.pdf in Resources */,
				96CF65AD1ABC63A7000B3E6C /* Herbed Vinaigrette.pdf in Resources */,
				96CF65C61ABC63A7000B3E6C /* Sausage Risotto Balls Breading.pdf in Resources */,
				96BA680A1A40C5DA00F06EE5 /* Main.storyboard in Resources */,
				96D256841A6EAE4B00980899 /* MacroTrends.plist in Resources */,
				96CF65A51ABC63A7000B3E6C /* Farmhouse Ranch Chicken Tenders-Marie's Yogurt Ranch Dressing.pdf in Resources */,
				96CF65B61ABC63A7000B3E6C /* One Pound Stuffed Burger- Maytag blue cheese, onion jam,Peppered bacon.pdf in Resources */,
				96CBBC4C1A48A5AC0028CFE4 /* RCAMPad.pdf in Resources */,
				96CF65D11ABC63A7000B3E6C /* Truffle Chicken Burger.pdf in Resources */,
				96CF65961ABC63A7000B3E6C /* Asian Noodle Salad.pdf in Resources */,
				96CF65B91ABC63A7000B3E6C /* Pork Belly Skewers.pdf in Resources */,
				96CF65BB1ABC63A7000B3E6C /* Quinoa Baby Kale Summer Tomato Salad-Marie's Yogurt Parmesan Garlic Dressing.pdf in Resources */,
				96BA680F1A40C5DA00F06EE5 /* LaunchScreen.xib in Resources */,
				96CF65BA1ABC63A7000B3E6C /* Port Wine Fig- Green peppercorn cream sauce.pdf in Resources */,
				96CF65C31ABC63A7000B3E6C /* Roasted Herbed Tomatoes for Truffle Chicken Burger.pdf in Resources */,
				96CF65A21ABC63A7000B3E6C /* Crispy Pork Belly Pizza.pdf in Resources */,
				96CF65A01ABC63A7000B3E6C /* Citrus Raspberry Herb Vinaigrette.pdf in Resources */,
				96CF65AA1ABC63A7000B3E6C /* Grilled Egglant Fries-Marie's Yogurt Blue Cheese Dressing.pdf in Resources */,
				96CF65971ABC63A7000B3E6C /* Balsamic Blue Burger.pdf in Resources */,
				96CF65CB1ABC63A7000B3E6C /* Southwest Green Chili Turkey Burger.pdf in Resources */,
				96CF65C41ABC63A7000B3E6C /* Roasted Mushroom Procedure.pdf in Resources */,
				96CF65CE1ABC63A7000B3E6C /* Sriracha Ranch.pdf in Resources */,
				96BA680C1A40C5DA00F06EE5 /* Images.xcassets in Resources */,
				96CF65AE1ABC63A7000B3E6C /* Honey Bourbon and Ranch Deviled Eggs.pdf in Resources */,
				96CF659F1ABC63A7000B3E6C /* Chicken Vegetable Patties Prep for the Chicken Truffle Burger.pdf in Resources */,
				96CF65CA1ABC63A7000B3E6C /* Smoked beef tenderloin.pdf in Resources */,
				96E682001ADC12A600877D24 /* Tutorial.plist in Resources */,
				96CF65A71ABC63A7000B3E6C /* Fresh Mozzarella Cheese, Roasted Mushroom and Fall Squash Salad.pdf in Resources */,
				96CF659D1ABC63A7000B3E6C /* Buttermilk Marinade for Chicken.pdf in Resources */,
				96CF65A31ABC63A7000B3E6C /* Double Bourbon Pork Burger.pdf in Resources */,
				96CF65BE1ABC63A7000B3E6C /* Red Robin Fall Innovation Summit Ventura Foods Category Submissions Power Point.pdf in Resources */,
				96CF65AC1ABC63A7000B3E6C /* Guinness BBQ Braised Short Ribs 1.pdf in Resources */,
				96CF65B01ABC63A7000B3E6C /* Italian Risotto Fritters Appetizer.pdf in Resources */,
				96CF65AF1ABC63A7000B3E6C /* Honey Bourbon Ice Cream.pdf in Resources */,
				96CF65D21ABC63A7000B3E6C /* Truffle Mayonnaise for the Chicken Truffle Burger.pdf in Resources */,
				96CF65BF1ABC63A7000B3E6C /* Red Robin Innovation Summit.pdf in Resources */,
				96CF65C71ABC63A7000B3E6C /* Sausage Risotto Balls.pdf in Resources */,
				96CF65B51ABC63A7000B3E6C /* Miso Cod Marination.pdf in Resources */,
				96CF65AB1ABC63A7000B3E6C /* Grilled Portabella Mushroom Piadine-Marie's Yogurt Feta Cheese Dressing.pdf in Resources */,
				96CBBC4A1A48A4240028CFE4 /* Resources.plist in Resources */,
				96CF65B11ABC63A7000B3E6C /* Jalapeno cilantro cream sauce.pdf in Resources */,
				96BA68301A40C6F600F06EE5 /* UserDefaults.plist in Resources */,
				96CF659C1ABC63A7000B3E6C /* BLT Salad.pdf in Resources */,
				96D256911A6EE4DF00980899 /* SegmentChoices.plist in Resources */,
			);
			runOnlyForDeploymentPostprocessing = 0;
		};
/* End PBXResourcesBuildPhase section */

/* Begin PBXShellScriptBuildPhase section */
		545EC6398EC5A0545B1FC54D /* Copy Pods Resources */ = {
			isa = PBXShellScriptBuildPhase;
			buildActionMask = 2147483647;
			files = (
			);
			inputPaths = (
			);
			name = "Copy Pods Resources";
			outputPaths = (
			);
			runOnlyForDeploymentPostprocessing = 0;
			shellPath = /bin/sh;
			shellScript = "\"${SRCROOT}/Pods/Target Support Files/Pods/Pods-resources.sh\"\n";
			showEnvVarsInLog = 0;
		};
		81B15445F3D24BF24354D301 /* Check Pods Manifest.lock */ = {
			isa = PBXShellScriptBuildPhase;
			buildActionMask = 2147483647;
			files = (
			);
			inputPaths = (
			);
			name = "Check Pods Manifest.lock";
			outputPaths = (
			);
			runOnlyForDeploymentPostprocessing = 0;
			shellPath = /bin/sh;
			shellScript = "diff \"${PODS_ROOT}/../Podfile.lock\" \"${PODS_ROOT}/Manifest.lock\" > /dev/null\nif [[ $? != 0 ]] ; then\n    cat << EOM\nerror: The sandbox is not in sync with the Podfile.lock. Run 'pod install' or update your CocoaPods installation.\nEOM\n    exit 1\nfi\n";
			showEnvVarsInLog = 0;
		};
/* End PBXShellScriptBuildPhase section */

/* Begin PBXSourcesBuildPhase section */
		96BA67F71A40C5DA00F06EE5 /* Sources */ = {
			isa = PBXSourcesBuildPhase;
			buildActionMask = 2147483647;
			files = (
				96957EF91A44A5E800BB4E86 /* VFCCrumbTrailView.m in Sources */,
				96BA682E1A40C6DB00F06EE5 /* ViewController.m in Sources */,
				96BA682D1A40C6DB00F06EE5 /* AppDelegate.m in Sources */,
				960BEFB81A7A9A69002658BE /* VFCSpeakerNotesViewController.m in Sources */,
				965355B71A7FF7FE003755F0 /* VFCProductsViewController.m in Sources */,
				9630D9101B9480770000CCC8 /* VFCVersionTracker.m in Sources */,
				965355B41A7FF7F2003755F0 /* VFCRecipesViewController.m in Sources */,
				9630D9131B9480890000CCC8 /* VFCTutorialViewController.m in Sources */,
				96CBBC451A488D410028CFE4 /* VFCCarat.m in Sources */,
				96CBBC481A48A2370028CFE4 /* VFCResourcesViewController.m in Sources */,
				96D256881A6EAE7200980899 /* VFCMacroTrend.m in Sources */,
				96BA683C1A40CBAB00F06EE5 /* VFCDocumentViewController.m in Sources */,
				96B3DF441A7BC99400CEF105 /* VFCSolutionViewController.m in Sources */,
				96D2568F1A6EE48B00980899 /* VFCSegmentChoicesViewController.m in Sources */,
				96B3DF411A7BC98700CEF105 /* VFCGapAnalysisViewController.m in Sources */,
				96B2A2261A43155A0051E38D /* VFCDocumentHeaderView.m in Sources */,
				966F2D961A825EC6006417DC /* VFCDeepDiveViewController.m in Sources */,
				965355B11A7FDA6E003755F0 /* VFCSpeakerNotesManager.m in Sources */,
				96E53D581AB85C7600EB4D30 /* VFCUtilities.m in Sources */,
				965355AC1A7FB43E003755F0 /* VFCPagesView.m in Sources */,
				96BA68331A40C7D300F06EE5 /* VFCDocument.m in Sources */,
				96B3DF471A7BD35E00CEF105 /* VFCPageView.m in Sources */,
				96D2568C1A6EE47D00980899 /* VFCSegmentChoice.m in Sources */,
				96CBBC4F1A48A9880028CFE4 /* VFCMacroTrendsViewController.m in Sources */,
				96BA68011A40C5DA00F06EE5 /* main.m in Sources */,
				9630D90F1B9480770000CCC8 /* VFCApplicationInformationViewController.m in Sources */,
				96957EFF1A44A84600BB4E86 /* VFCSegmentButton.m in Sources */,
			);
			runOnlyForDeploymentPostprocessing = 0;
		};
/* End PBXSourcesBuildPhase section */

/* Begin PBXVariantGroup section */
		96BA68081A40C5DA00F06EE5 /* Main.storyboard */ = {
			isa = PBXVariantGroup;
			children = (
				96BA68091A40C5DA00F06EE5 /* Base */,
			);
			name = Main.storyboard;
			sourceTree = "<group>";
		};
		96BA680D1A40C5DA00F06EE5 /* LaunchScreen.xib */ = {
			isa = PBXVariantGroup;
			children = (
				96BA680E1A40C5DA00F06EE5 /* Base */,
			);
			name = LaunchScreen.xib;
			sourceTree = "<group>";
		};
/* End PBXVariantGroup section */

/* Begin XCBuildConfiguration section */
		96BA681C1A40C5DB00F06EE5 /* Debug */ = {
			isa = XCBuildConfiguration;
			buildSettings = {
				ALWAYS_SEARCH_USER_PATHS = NO;
				CLANG_CXX_LANGUAGE_STANDARD = "gnu++0x";
				CLANG_CXX_LIBRARY = "libc++";
				CLANG_ENABLE_MODULES = YES;
				CLANG_ENABLE_OBJC_ARC = YES;
				CLANG_WARN_BOOL_CONVERSION = YES;
				CLANG_WARN_CONSTANT_CONVERSION = YES;
				CLANG_WARN_DIRECT_OBJC_ISA_USAGE = YES_ERROR;
				CLANG_WARN_EMPTY_BODY = YES;
				CLANG_WARN_ENUM_CONVERSION = YES;
				CLANG_WARN_INT_CONVERSION = YES;
				CLANG_WARN_OBJC_ROOT_CLASS = YES_ERROR;
				CLANG_WARN_UNREACHABLE_CODE = YES;
				CLANG_WARN__DUPLICATE_METHOD_MATCH = YES;
				"CODE_SIGN_IDENTITY[sdk=iphoneos*]" = "iPhone Developer";
				COPY_PHASE_STRIP = NO;
				ENABLE_STRICT_OBJC_MSGSEND = YES;
				GCC_C_LANGUAGE_STANDARD = gnu99;
				GCC_DYNAMIC_NO_PIC = NO;
				GCC_OPTIMIZATION_LEVEL = 0;
				GCC_PREPROCESSOR_DEFINITIONS = (
					"DEBUG=1",
					"$(inherited)",
				);
				GCC_SYMBOLS_PRIVATE_EXTERN = NO;
				GCC_WARN_64_TO_32_BIT_CONVERSION = YES;
				GCC_WARN_ABOUT_RETURN_TYPE = YES_ERROR;
				GCC_WARN_UNDECLARED_SELECTOR = YES;
				GCC_WARN_UNINITIALIZED_AUTOS = YES_AGGRESSIVE;
				GCC_WARN_UNUSED_FUNCTION = YES;
				GCC_WARN_UNUSED_VARIABLE = YES;
				HEADER_SEARCH_PATHS = "$(inherited)";
				IPHONEOS_DEPLOYMENT_TARGET = 8.1;
				MTL_ENABLE_DEBUG_INFO = YES;
				ONLY_ACTIVE_ARCH = YES;
				PROVISIONING_PROFILE = "1d306ca1-7cb7-44fc-ae60-7efd1642c944";
				SDKROOT = iphoneos;
				TARGETED_DEVICE_FAMILY = 2;
			};
			name = Debug;
		};
		96BA681D1A40C5DB00F06EE5 /* Release */ = {
			isa = XCBuildConfiguration;
			buildSettings = {
				ALWAYS_SEARCH_USER_PATHS = NO;
				CLANG_CXX_LANGUAGE_STANDARD = "gnu++0x";
				CLANG_CXX_LIBRARY = "libc++";
				CLANG_ENABLE_MODULES = YES;
				CLANG_ENABLE_OBJC_ARC = YES;
				CLANG_WARN_BOOL_CONVERSION = YES;
				CLANG_WARN_CONSTANT_CONVERSION = YES;
				CLANG_WARN_DIRECT_OBJC_ISA_USAGE = YES_ERROR;
				CLANG_WARN_EMPTY_BODY = YES;
				CLANG_WARN_ENUM_CONVERSION = YES;
				CLANG_WARN_INT_CONVERSION = YES;
				CLANG_WARN_OBJC_ROOT_CLASS = YES_ERROR;
				CLANG_WARN_UNREACHABLE_CODE = YES;
				CLANG_WARN__DUPLICATE_METHOD_MATCH = YES;
				"CODE_SIGN_IDENTITY[sdk=iphoneos*]" = "iPhone Distribution";
				COPY_PHASE_STRIP = YES;
				ENABLE_NS_ASSERTIONS = NO;
				ENABLE_STRICT_OBJC_MSGSEND = YES;
				GCC_C_LANGUAGE_STANDARD = gnu99;
				GCC_WARN_64_TO_32_BIT_CONVERSION = YES;
				GCC_WARN_ABOUT_RETURN_TYPE = YES_ERROR;
				GCC_WARN_UNDECLARED_SELECTOR = YES;
				GCC_WARN_UNINITIALIZED_AUTOS = YES_AGGRESSIVE;
				GCC_WARN_UNUSED_FUNCTION = YES;
				GCC_WARN_UNUSED_VARIABLE = YES;
				HEADER_SEARCH_PATHS = "$(inherited)";
				IPHONEOS_DEPLOYMENT_TARGET = 8.1;
				MTL_ENABLE_DEBUG_INFO = NO;
				PROVISIONING_PROFILE = "";
				SDKROOT = iphoneos;
				TARGETED_DEVICE_FAMILY = 2;
				VALIDATE_PRODUCT = YES;
			};
			name = Release;
		};
		96BA681F1A40C5DB00F06EE5 /* Debug */ = {
			isa = XCBuildConfiguration;
			baseConfigurationReference = 357EE48D69ED222AC7BAA996 /* Pods.debug.xcconfig */;
			buildSettings = {
				ASSETCATALOG_COMPILER_APPICON_NAME = AppIcon;
				ASSETCATALOG_COMPILER_LAUNCHIMAGE_NAME = LaunchImage;
				BUNDLE_IDENTIFIER = com.xceleratemedia.venturafoods.rcampad;
				CLANG_ENABLE_MODULES = YES;
				CODE_SIGN_IDENTITY = "iPhone Developer";
				"CODE_SIGN_IDENTITY[sdk=iphoneos*]" = "iPhone Developer";
				FRAMEWORK_SEARCH_PATHS = "$(inherited)";
				INFOPLIST_FILE = RCAMPad/Info.plist;
				LD_RUNPATH_SEARCH_PATHS = "$(inherited) @executable_path/Frameworks";
				PRODUCT_NAME = "$(TARGET_NAME)";
				PROVISIONING_PROFILE = "";
				SWIFT_OBJC_BRIDGING_HEADER = "RCAMPad/Classes/RCAMPad-Bridging-Header.h";
				SWIFT_OPTIMIZATION_LEVEL = "-Onone";
				TARGETED_DEVICE_FAMILY = 2;
			};
			name = Debug;
		};
		96BA68201A40C5DB00F06EE5 /* Release */ = {
			isa = XCBuildConfiguration;
			baseConfigurationReference = 4E10CB4FA818A06B651FDF43 /* Pods.release.xcconfig */;
			buildSettings = {
				ASSETCATALOG_COMPILER_APPICON_NAME = AppIcon;
				ASSETCATALOG_COMPILER_LAUNCHIMAGE_NAME = LaunchImage;
				BUNDLE_IDENTIFIER = com.xceleratemedia.venturafoods.rcampad;
				CLANG_ENABLE_MODULES = YES;
				CODE_SIGN_IDENTITY = "iPhone Developer";
				"CODE_SIGN_IDENTITY[sdk=iphoneos*]" = "iPhone Developer";
				FRAMEWORK_SEARCH_PATHS = "$(inherited)";
				INFOPLIST_FILE = RCAMPad/Info.plist;
				LD_RUNPATH_SEARCH_PATHS = "$(inherited) @executable_path/Frameworks";
				PRODUCT_NAME = "$(TARGET_NAME)";
				PROVISIONING_PROFILE = "";
				SWIFT_OBJC_BRIDGING_HEADER = "RCAMPad/Classes/RCAMPad-Bridging-Header.h";
				TARGETED_DEVICE_FAMILY = 2;
			};
			name = Release;
		};
		96BA68371A40CA8A00F06EE5 /* Distribution QA */ = {
			isa = XCBuildConfiguration;
			buildSettings = {
				ALWAYS_SEARCH_USER_PATHS = NO;
				CLANG_CXX_LANGUAGE_STANDARD = "gnu++0x";
				CLANG_CXX_LIBRARY = "libc++";
				CLANG_ENABLE_MODULES = YES;
				CLANG_ENABLE_OBJC_ARC = YES;
				CLANG_WARN_BOOL_CONVERSION = YES;
				CLANG_WARN_CONSTANT_CONVERSION = YES;
				CLANG_WARN_DIRECT_OBJC_ISA_USAGE = YES_ERROR;
				CLANG_WARN_EMPTY_BODY = YES;
				CLANG_WARN_ENUM_CONVERSION = YES;
				CLANG_WARN_INT_CONVERSION = YES;
				CLANG_WARN_OBJC_ROOT_CLASS = YES_ERROR;
				CLANG_WARN_UNREACHABLE_CODE = YES;
				CLANG_WARN__DUPLICATE_METHOD_MATCH = YES;
				"CODE_SIGN_IDENTITY[sdk=iphoneos*]" = "iPhone Distribution";
				COPY_PHASE_STRIP = YES;
				ENABLE_NS_ASSERTIONS = NO;
				ENABLE_STRICT_OBJC_MSGSEND = YES;
				GCC_C_LANGUAGE_STANDARD = gnu99;
				GCC_WARN_64_TO_32_BIT_CONVERSION = YES;
				GCC_WARN_ABOUT_RETURN_TYPE = YES_ERROR;
				GCC_WARN_UNDECLARED_SELECTOR = YES;
				GCC_WARN_UNINITIALIZED_AUTOS = YES_AGGRESSIVE;
				GCC_WARN_UNUSED_FUNCTION = YES;
				GCC_WARN_UNUSED_VARIABLE = YES;
				HEADER_SEARCH_PATHS = "$(inherited)";
				IPHONEOS_DEPLOYMENT_TARGET = 8.1;
				MTL_ENABLE_DEBUG_INFO = NO;
				PROVISIONING_PROFILE = "";
				SDKROOT = iphoneos;
				TARGETED_DEVICE_FAMILY = 2;
				VALIDATE_PRODUCT = YES;
			};
			name = "Distribution QA";
		};
		96BA68381A40CA8A00F06EE5 /* Distribution QA */ = {
			isa = XCBuildConfiguration;
			baseConfigurationReference = 3FD60DC7C4E977A40ACE14CA /* Pods.distribution qa.xcconfig */;
			buildSettings = {
				ASSETCATALOG_COMPILER_APPICON_NAME = AppIcon;
				ASSETCATALOG_COMPILER_LAUNCHIMAGE_NAME = LaunchImage;
				BUNDLE_IDENTIFIER = com.venturafoods.rcamqa;
				CLANG_ENABLE_MODULES = YES;
				CODE_SIGN_IDENTITY = "iPhone Developer";
				"CODE_SIGN_IDENTITY[sdk=iphoneos*]" = "iPhone Developer";
				FRAMEWORK_SEARCH_PATHS = "$(inherited)";
				INFOPLIST_FILE = RCAMPad/Info.plist;
				LD_RUNPATH_SEARCH_PATHS = "$(inherited) @executable_path/Frameworks";
				PRODUCT_NAME = "$(TARGET_NAME)";
				PROVISIONING_PROFILE = "";
				SWIFT_OBJC_BRIDGING_HEADER = "RCAMPad/Classes/RCAMPad-Bridging-Header.h";
				TARGETED_DEVICE_FAMILY = 2;
			};
			name = "Distribution QA";
		};
		96D6A5C71A9BB982000CD9D2 /* Distribution */ = {
			isa = XCBuildConfiguration;
			buildSettings = {
				ALWAYS_SEARCH_USER_PATHS = NO;
				CLANG_CXX_LANGUAGE_STANDARD = "gnu++0x";
				CLANG_CXX_LIBRARY = "libc++";
				CLANG_ENABLE_MODULES = YES;
				CLANG_ENABLE_OBJC_ARC = YES;
				CLANG_WARN_BOOL_CONVERSION = YES;
				CLANG_WARN_CONSTANT_CONVERSION = YES;
				CLANG_WARN_DIRECT_OBJC_ISA_USAGE = YES_ERROR;
				CLANG_WARN_EMPTY_BODY = YES;
				CLANG_WARN_ENUM_CONVERSION = YES;
				CLANG_WARN_INT_CONVERSION = YES;
				CLANG_WARN_OBJC_ROOT_CLASS = YES_ERROR;
				CLANG_WARN_UNREACHABLE_CODE = YES;
				CLANG_WARN__DUPLICATE_METHOD_MATCH = YES;
				"CODE_SIGN_IDENTITY[sdk=iphoneos*]" = "iPhone Distribution";
				COPY_PHASE_STRIP = YES;
				ENABLE_NS_ASSERTIONS = NO;
				ENABLE_STRICT_OBJC_MSGSEND = YES;
				GCC_C_LANGUAGE_STANDARD = gnu99;
				GCC_WARN_64_TO_32_BIT_CONVERSION = YES;
				GCC_WARN_ABOUT_RETURN_TYPE = YES_ERROR;
				GCC_WARN_UNDECLARED_SELECTOR = YES;
				GCC_WARN_UNINITIALIZED_AUTOS = YES_AGGRESSIVE;
				GCC_WARN_UNUSED_FUNCTION = YES;
				GCC_WARN_UNUSED_VARIABLE = YES;
				HEADER_SEARCH_PATHS = "$(inherited)";
				IPHONEOS_DEPLOYMENT_TARGET = 8.1;
				MTL_ENABLE_DEBUG_INFO = NO;
				PROVISIONING_PROFILE = "";
				SDKROOT = iphoneos;
				TARGETED_DEVICE_FAMILY = 2;
				VALIDATE_PRODUCT = YES;
			};
			name = Distribution;
		};
		96D6A5C81A9BB982000CD9D2 /* Distribution */ = {
			isa = XCBuildConfiguration;
			baseConfigurationReference = CC7D60348C1E03F1C3662BC5 /* Pods.distribution.xcconfig */;
			buildSettings = {
				ASSETCATALOG_COMPILER_APPICON_NAME = AppIcon;
				ASSETCATALOG_COMPILER_LAUNCHIMAGE_NAME = LaunchImage;
				BUNDLE_IDENTIFIER = com.venturafoods.rcam;
				CLANG_ENABLE_MODULES = YES;
				CODE_SIGN_IDENTITY = "iPhone Developer";
				"CODE_SIGN_IDENTITY[sdk=iphoneos*]" = "iPhone Developer";
				FRAMEWORK_SEARCH_PATHS = "$(inherited)";
				INFOPLIST_FILE = RCAMPad/Info.plist;
				LD_RUNPATH_SEARCH_PATHS = "$(inherited) @executable_path/Frameworks";
				PRODUCT_NAME = "$(TARGET_NAME)";
				PROVISIONING_PROFILE = "";
				SWIFT_OBJC_BRIDGING_HEADER = "RCAMPad/Classes/RCAMPad-Bridging-Header.h";
				TARGETED_DEVICE_FAMILY = 2;
			};
			name = Distribution;
		};
		96D6A5E11A9BBB13000CD9D2 /* Distribution XM */ = {
			isa = XCBuildConfiguration;
			buildSettings = {
				ALWAYS_SEARCH_USER_PATHS = NO;
				CLANG_CXX_LANGUAGE_STANDARD = "gnu++0x";
				CLANG_CXX_LIBRARY = "libc++";
				CLANG_ENABLE_MODULES = YES;
				CLANG_ENABLE_OBJC_ARC = YES;
				CLANG_WARN_BOOL_CONVERSION = YES;
				CLANG_WARN_CONSTANT_CONVERSION = YES;
				CLANG_WARN_DIRECT_OBJC_ISA_USAGE = YES_ERROR;
				CLANG_WARN_EMPTY_BODY = YES;
				CLANG_WARN_ENUM_CONVERSION = YES;
				CLANG_WARN_INT_CONVERSION = YES;
				CLANG_WARN_OBJC_ROOT_CLASS = YES_ERROR;
				CLANG_WARN_UNREACHABLE_CODE = YES;
				CLANG_WARN__DUPLICATE_METHOD_MATCH = YES;
				"CODE_SIGN_IDENTITY[sdk=iphoneos*]" = "iPhone Distribution";
				COPY_PHASE_STRIP = YES;
				ENABLE_NS_ASSERTIONS = NO;
				ENABLE_STRICT_OBJC_MSGSEND = YES;
				GCC_C_LANGUAGE_STANDARD = gnu99;
				GCC_WARN_64_TO_32_BIT_CONVERSION = YES;
				GCC_WARN_ABOUT_RETURN_TYPE = YES_ERROR;
				GCC_WARN_UNDECLARED_SELECTOR = YES;
				GCC_WARN_UNINITIALIZED_AUTOS = YES_AGGRESSIVE;
				GCC_WARN_UNUSED_FUNCTION = YES;
				GCC_WARN_UNUSED_VARIABLE = YES;
				HEADER_SEARCH_PATHS = "$(inherited)";
				IPHONEOS_DEPLOYMENT_TARGET = 8.1;
				MTL_ENABLE_DEBUG_INFO = NO;
				PROVISIONING_PROFILE = "";
				SDKROOT = iphoneos;
				TARGETED_DEVICE_FAMILY = 2;
				VALIDATE_PRODUCT = YES;
			};
			name = "Distribution XM";
		};
		96D6A5E21A9BBB13000CD9D2 /* Distribution XM */ = {
			isa = XCBuildConfiguration;
			baseConfigurationReference = 5EDA312883CB7B735DE51271 /* Pods.distribution xm.xcconfig */;
			buildSettings = {
				ASSETCATALOG_COMPILER_APPICON_NAME = AppIcon;
				ASSETCATALOG_COMPILER_LAUNCHIMAGE_NAME = LaunchImage;
				BUNDLE_IDENTIFIER = com.xceleratemedia.venturafoods.rcampad;
				CLANG_ENABLE_MODULES = YES;
				CODE_SIGN_IDENTITY = "iPhone Developer";
				"CODE_SIGN_IDENTITY[sdk=iphoneos*]" = "iPhone Developer";
				FRAMEWORK_SEARCH_PATHS = "$(inherited)";
				INFOPLIST_FILE = RCAMPad/Info.plist;
				LD_RUNPATH_SEARCH_PATHS = "$(inherited) @executable_path/Frameworks";
				PRODUCT_NAME = "$(TARGET_NAME)";
				PROVISIONING_PROFILE = "";
				SWIFT_OBJC_BRIDGING_HEADER = "RCAMPad/Classes/RCAMPad-Bridging-Header.h";
				TARGETED_DEVICE_FAMILY = 2;
			};
			name = "Distribution XM";
		};
/* End XCBuildConfiguration section */

/* Begin XCConfigurationList section */
		96BA67F61A40C5DA00F06EE5 /* Build configuration list for PBXProject "RCAMPad" */ = {
			isa = XCConfigurationList;
			buildConfigurations = (
				96BA681C1A40C5DB00F06EE5 /* Debug */,
				96BA681D1A40C5DB00F06EE5 /* Release */,
				96D6A5E11A9BBB13000CD9D2 /* Distribution XM */,
				96D6A5C71A9BB982000CD9D2 /* Distribution */,
				96BA68371A40CA8A00F06EE5 /* Distribution QA */,
			);
			defaultConfigurationIsVisible = 0;
			defaultConfigurationName = Release;
		};
		96BA681E1A40C5DB00F06EE5 /* Build configuration list for PBXNativeTarget "RCAMPad" */ = {
			isa = XCConfigurationList;
			buildConfigurations = (
				96BA681F1A40C5DB00F06EE5 /* Debug */,
				96BA68201A40C5DB00F06EE5 /* Release */,
				96D6A5E21A9BBB13000CD9D2 /* Distribution XM */,
				96D6A5C81A9BB982000CD9D2 /* Distribution */,
				96BA68381A40CA8A00F06EE5 /* Distribution QA */,
			);
			defaultConfigurationIsVisible = 0;
			defaultConfigurationName = Release;
		};
/* End XCConfigurationList section */
	};
	rootObject = 96BA67F31A40C5DA00F06EE5 /* Project object */;
}
