<?xml version="1.0" encoding="UTF-8"?>
<!DOCTYPE plist PUBLIC "-//Apple//DTD PLIST 1.0//EN" "http://www.apple.com/DTDs/PropertyList-1.0.dtd">
<plist version="1.0">
<dict>
	<key>archiveVersion</key>
	<string>1</string>
	<key>classes</key>
	<dict/>
	<key>objectVersion</key>
	<string>46</string>
	<key>objects</key>
	<dict>
		<key>071FFF15DA4FBBB41C7F75DD</key>
		<dict>
			<key>buildActionMask</key>
			<string>2147483647</string>
			<key>files</key>
			<array/>
			<key>inputPaths</key>
			<array/>
			<key>isa</key>
			<string>PBXShellScriptBuildPhase</string>
			<key>name</key>
			<string>Check Pods Manifest.lock</string>
			<key>outputPaths</key>
			<array/>
			<key>runOnlyForDeploymentPostprocessing</key>
			<string>0</string>
			<key>shellPath</key>
			<string>/bin/sh</string>
			<key>shellScript</key>
			<string>diff "${PODS_ROOT}/../Podfile.lock" "${PODS_ROOT}/Manifest.lock" &gt; /dev/null
if [[ $? != 0 ]] ; then
    cat &lt;&lt; EOM
error: The sandbox is not in sync with the Podfile.lock. Run 'pod install' or update your CocoaPods installation.
EOM
    exit 1
fi
</string>
			<key>showEnvVarsInLog</key>
			<string>0</string>
		</dict>
		<key>3579D381CB460853A738C7BE</key>
		<dict>
			<key>children</key>
			<array>
				<string>9335FF7C6CA4F028EDBDF013</string>
				<string>9E809665DF0B7A44B3FCE7FE</string>
				<string>C350F4BAE6D81FE16C1825B9</string>
			</array>
			<key>isa</key>
			<string>PBXGroup</string>
			<key>name</key>
			<string>Pods</string>
			<key>sourceTree</key>
			<string>&lt;group&gt;</string>
		</dict>
		<key>829F6FA3BAFB5A12F9F77CF1</key>
		<dict>
			<key>explicitFileType</key>
			<string>archive.ar</string>
			<key>includeInIndex</key>
			<string>0</string>
			<key>isa</key>
			<string>PBXFileReference</string>
			<key>path</key>
			<string>libPods.a</string>
			<key>sourceTree</key>
			<string>BUILT_PRODUCTS_DIR</string>
		</dict>
		<key>9335FF7C6CA4F028EDBDF013</key>
		<dict>
			<key>includeInIndex</key>
			<string>1</string>
			<key>isa</key>
			<string>PBXFileReference</string>
			<key>lastKnownFileType</key>
			<string>text.xcconfig</string>
			<key>name</key>
			<string>Pods.debug.xcconfig</string>
			<key>path</key>
			<string>Pods/Target Support Files/Pods/Pods.debug.xcconfig</string>
			<key>sourceTree</key>
			<string>&lt;group&gt;</string>
		</dict>
		<key>960BEFA01A7A7482002658BE</key>
		<dict>
			<key>children</key>
			<array>
				<string>960BEFA11A7A7482002658BE</string>
				<string>960BEFA21A7A7482002658BE</string>
				<string>960BEFA31A7A7482002658BE</string>
				<string>960BEFA41A7A7482002658BE</string>
				<string>960BEFA51A7A7482002658BE</string>
				<string>960BEFA61A7A7482002658BE</string>
				<string>960BEFA71A7A7482002658BE</string>
				<string>960BEFA81A7A7482002658BE</string>
				<string>960BEFA91A7A7482002658BE</string>
				<string>960BEFAA1A7A7482002658BE</string>
				<string>960BEFAB1A7A7482002658BE</string>
				<string>960BEFAC1A7A7482002658BE</string>
				<string>960BEFAD1A7A7482002658BE</string>
				<string>960BEFAE1A7A7482002658BE</string>
			</array>
			<key>isa</key>
			<string>PBXGroup</string>
			<key>name</key>
			<string>VFCKit</string>
			<key>path</key>
			<string>ThirdParty/VFCKit</string>
			<key>sourceTree</key>
			<string>SOURCE_ROOT</string>
		</dict>
		<key>960BEFA11A7A7482002658BE</key>
		<dict>
			<key>fileEncoding</key>
			<string>4</string>
			<key>isa</key>
			<string>PBXFileReference</string>
			<key>lastKnownFileType</key>
			<string>text.plist.xml</string>
			<key>path</key>
			<string>Info.plist</string>
			<key>sourceTree</key>
			<string>&lt;group&gt;</string>
		</dict>
		<key>960BEFA21A7A7482002658BE</key>
		<dict>
			<key>fileEncoding</key>
			<string>4</string>
			<key>isa</key>
			<string>PBXFileReference</string>
			<key>lastKnownFileType</key>
			<string>sourcecode.c.h</string>
			<key>path</key>
			<string>UIColor+VFCAdditions.h</string>
			<key>sourceTree</key>
			<string>&lt;group&gt;</string>
		</dict>
		<key>960BEFA31A7A7482002658BE</key>
		<dict>
			<key>fileEncoding</key>
			<string>4</string>
			<key>isa</key>
			<string>PBXFileReference</string>
			<key>lastKnownFileType</key>
			<string>sourcecode.c.objc</string>
			<key>path</key>
			<string>UIColor+VFCAdditions.m</string>
			<key>sourceTree</key>
			<string>&lt;group&gt;</string>
		</dict>
		<key>960BEFA41A7A7482002658BE</key>
		<dict>
			<key>fileEncoding</key>
			<string>4</string>
			<key>isa</key>
			<string>PBXFileReference</string>
			<key>lastKnownFileType</key>
			<string>sourcecode.c.h</string>
			<key>path</key>
			<string>UIImage+VFCAdditions.h</string>
			<key>sourceTree</key>
			<string>&lt;group&gt;</string>
		</dict>
		<key>960BEFA51A7A7482002658BE</key>
		<dict>
			<key>fileEncoding</key>
			<string>4</string>
			<key>isa</key>
			<string>PBXFileReference</string>
			<key>lastKnownFileType</key>
			<string>sourcecode.c.objc</string>
			<key>path</key>
			<string>UIImage+VFCAdditions.m</string>
			<key>sourceTree</key>
			<string>&lt;group&gt;</string>
		</dict>
		<key>960BEFA61A7A7482002658BE</key>
		<dict>
			<key>fileEncoding</key>
			<string>4</string>
			<key>isa</key>
			<string>PBXFileReference</string>
			<key>lastKnownFileType</key>
			<string>sourcecode.c.h</string>
			<key>path</key>
			<string>VFCApplicationInformationViewController.h</string>
			<key>sourceTree</key>
			<string>&lt;group&gt;</string>
		</dict>
		<key>960BEFA71A7A7482002658BE</key>
		<dict>
			<key>fileEncoding</key>
			<string>4</string>
			<key>isa</key>
			<string>PBXFileReference</string>
			<key>lastKnownFileType</key>
			<string>sourcecode.c.objc</string>
			<key>path</key>
			<string>VFCApplicationInformationViewController.m</string>
			<key>sourceTree</key>
			<string>&lt;group&gt;</string>
		</dict>
		<key>960BEFA81A7A7482002658BE</key>
		<dict>
			<key>fileEncoding</key>
			<string>4</string>
			<key>isa</key>
			<string>PBXFileReference</string>
			<key>lastKnownFileType</key>
			<string>sourcecode.c.h</string>
			<key>path</key>
			<string>VFCKit.h</string>
			<key>sourceTree</key>
			<string>&lt;group&gt;</string>
		</dict>
		<key>960BEFA91A7A7482002658BE</key>
		<dict>
			<key>fileEncoding</key>
			<string>4</string>
			<key>isa</key>
			<string>PBXFileReference</string>
			<key>lastKnownFileType</key>
			<string>sourcecode.c.h</string>
			<key>path</key>
			<string>VFCTrackChanges.h</string>
			<key>sourceTree</key>
			<string>&lt;group&gt;</string>
		</dict>
		<key>960BEFAA1A7A7482002658BE</key>
		<dict>
			<key>fileEncoding</key>
			<string>4</string>
			<key>isa</key>
			<string>PBXFileReference</string>
			<key>lastKnownFileType</key>
			<string>sourcecode.c.objc</string>
			<key>path</key>
			<string>VFCTrackChanges.m</string>
			<key>sourceTree</key>
			<string>&lt;group&gt;</string>
		</dict>
		<key>960BEFAB1A7A7482002658BE</key>
		<dict>
			<key>fileEncoding</key>
			<string>4</string>
			<key>isa</key>
			<string>PBXFileReference</string>
			<key>lastKnownFileType</key>
			<string>sourcecode.c.h</string>
			<key>path</key>
			<string>VFCUser.h</string>
			<key>sourceTree</key>
			<string>&lt;group&gt;</string>
		</dict>
		<key>960BEFAC1A7A7482002658BE</key>
		<dict>
			<key>fileEncoding</key>
			<string>4</string>
			<key>isa</key>
			<string>PBXFileReference</string>
			<key>lastKnownFileType</key>
			<string>sourcecode.c.objc</string>
			<key>path</key>
			<string>VFCUser.m</string>
			<key>sourceTree</key>
			<string>&lt;group&gt;</string>
		</dict>
		<key>960BEFAD1A7A7482002658BE</key>
		<dict>
			<key>fileEncoding</key>
			<string>4</string>
			<key>isa</key>
			<string>PBXFileReference</string>
			<key>lastKnownFileType</key>
			<string>sourcecode.c.h</string>
			<key>path</key>
			<string>VFCUtilities.h</string>
			<key>sourceTree</key>
			<string>&lt;group&gt;</string>
		</dict>
		<key>960BEFAE1A7A7482002658BE</key>
		<dict>
			<key>fileEncoding</key>
			<string>4</string>
			<key>isa</key>
			<string>PBXFileReference</string>
			<key>lastKnownFileType</key>
			<string>sourcecode.c.objc</string>
			<key>path</key>
			<string>VFCUtilities.m</string>
			<key>sourceTree</key>
			<string>&lt;group&gt;</string>
		</dict>
		<key>960BEFAF1A7A7482002658BE</key>
		<dict>
			<key>fileRef</key>
			<string>960BEFA11A7A7482002658BE</string>
			<key>isa</key>
			<string>PBXBuildFile</string>
		</dict>
		<key>960BEFB01A7A7482002658BE</key>
		<dict>
			<key>fileRef</key>
			<string>960BEFA31A7A7482002658BE</string>
			<key>isa</key>
			<string>PBXBuildFile</string>
		</dict>
		<key>960BEFB11A7A7482002658BE</key>
		<dict>
			<key>fileRef</key>
			<string>960BEFA51A7A7482002658BE</string>
			<key>isa</key>
			<string>PBXBuildFile</string>
		</dict>
		<key>960BEFB21A7A7482002658BE</key>
		<dict>
			<key>fileRef</key>
			<string>960BEFA71A7A7482002658BE</string>
			<key>isa</key>
			<string>PBXBuildFile</string>
		</dict>
		<key>960BEFB31A7A7482002658BE</key>
		<dict>
			<key>fileRef</key>
			<string>960BEFAA1A7A7482002658BE</string>
			<key>isa</key>
			<string>PBXBuildFile</string>
		</dict>
		<key>960BEFB41A7A7482002658BE</key>
		<dict>
			<key>fileRef</key>
			<string>960BEFAC1A7A7482002658BE</string>
			<key>isa</key>
			<string>PBXBuildFile</string>
		</dict>
		<key>960BEFB51A7A7482002658BE</key>
		<dict>
			<key>fileRef</key>
			<string>960BEFAE1A7A7482002658BE</string>
			<key>isa</key>
			<string>PBXBuildFile</string>
		</dict>
		<key>960BEFB61A7A9A69002658BE</key>
		<dict>
			<key>fileEncoding</key>
			<string>4</string>
			<key>isa</key>
			<string>PBXFileReference</string>
			<key>lastKnownFileType</key>
			<string>sourcecode.c.h</string>
			<key>path</key>
			<string>VFCSpeakerNotesViewController.h</string>
			<key>sourceTree</key>
			<string>&lt;group&gt;</string>
		</dict>
		<key>960BEFB71A7A9A69002658BE</key>
		<dict>
			<key>fileEncoding</key>
			<string>4</string>
			<key>isa</key>
			<string>PBXFileReference</string>
			<key>lastKnownFileType</key>
			<string>sourcecode.c.objc</string>
			<key>path</key>
			<string>VFCSpeakerNotesViewController.m</string>
			<key>sourceTree</key>
			<string>&lt;group&gt;</string>
		</dict>
		<key>960BEFB81A7A9A69002658BE</key>
		<dict>
			<key>fileRef</key>
			<string>960BEFB71A7A9A69002658BE</string>
			<key>isa</key>
			<string>PBXBuildFile</string>
		</dict>
		<key>9632FBD8B39482E22D81F878</key>
		<dict>
			<key>buildActionMask</key>
			<string>2147483647</string>
			<key>files</key>
			<array/>
			<key>inputPaths</key>
			<array/>
			<key>isa</key>
			<string>PBXShellScriptBuildPhase</string>
			<key>name</key>
			<string>Copy Pods Resources</string>
			<key>outputPaths</key>
			<array/>
			<key>runOnlyForDeploymentPostprocessing</key>
			<string>0</string>
			<key>shellPath</key>
			<string>/bin/sh</string>
			<key>shellScript</key>
			<string>"${SRCROOT}/Pods/Target Support Files/Pods/Pods-resources.sh"
</string>
			<key>showEnvVarsInLog</key>
			<string>0</string>
		</dict>
		<key>964C3F541A812EA100052C05</key>
		<dict>
			<key>children</key>
			<array>
				<string>965355AF1A7FDA6E003755F0</string>
				<string>965355B01A7FDA6E003755F0</string>
				<string>960BEFB61A7A9A69002658BE</string>
				<string>960BEFB71A7A9A69002658BE</string>
			</array>
			<key>isa</key>
			<string>PBXGroup</string>
			<key>name</key>
			<string>Speaker Notes</string>
			<key>sourceTree</key>
			<string>&lt;group&gt;</string>
		</dict>
		<key>965355AA1A7FB43E003755F0</key>
		<dict>
			<key>fileEncoding</key>
			<string>4</string>
			<key>isa</key>
			<string>PBXFileReference</string>
			<key>lastKnownFileType</key>
			<string>sourcecode.c.h</string>
			<key>path</key>
			<string>VFCPagesView.h</string>
			<key>sourceTree</key>
			<string>&lt;group&gt;</string>
		</dict>
		<key>965355AB1A7FB43E003755F0</key>
		<dict>
			<key>fileEncoding</key>
			<string>4</string>
			<key>isa</key>
			<string>PBXFileReference</string>
			<key>lastKnownFileType</key>
			<string>sourcecode.c.objc</string>
			<key>path</key>
			<string>VFCPagesView.m</string>
			<key>sourceTree</key>
			<string>&lt;group&gt;</string>
		</dict>
		<key>965355AC1A7FB43E003755F0</key>
		<dict>
			<key>fileRef</key>
			<string>965355AB1A7FB43E003755F0</string>
			<key>isa</key>
			<string>PBXBuildFile</string>
		</dict>
		<key>965355AD1A7FDA57003755F0</key>
		<dict>
			<key>fileEncoding</key>
			<string>4</string>
			<key>isa</key>
			<string>PBXFileReference</string>
			<key>lastKnownFileType</key>
			<string>text.plist.xml</string>
			<key>path</key>
			<string>SpeakerNotes.plist</string>
			<key>sourceTree</key>
			<string>&lt;group&gt;</string>
		</dict>
		<key>965355AE1A7FDA57003755F0</key>
		<dict>
			<key>fileRef</key>
			<string>965355AD1A7FDA57003755F0</string>
			<key>isa</key>
			<string>PBXBuildFile</string>
		</dict>
		<key>965355AF1A7FDA6E003755F0</key>
		<dict>
			<key>fileEncoding</key>
			<string>4</string>
			<key>isa</key>
			<string>PBXFileReference</string>
			<key>lastKnownFileType</key>
			<string>sourcecode.c.h</string>
			<key>path</key>
			<string>VFCSpeakerNotesManager.h</string>
			<key>sourceTree</key>
			<string>&lt;group&gt;</string>
		</dict>
		<key>965355B01A7FDA6E003755F0</key>
		<dict>
			<key>fileEncoding</key>
			<string>4</string>
			<key>isa</key>
			<string>PBXFileReference</string>
			<key>lastKnownFileType</key>
			<string>sourcecode.c.objc</string>
			<key>path</key>
			<string>VFCSpeakerNotesManager.m</string>
			<key>sourceTree</key>
			<string>&lt;group&gt;</string>
		</dict>
		<key>965355B11A7FDA6E003755F0</key>
		<dict>
			<key>fileRef</key>
			<string>965355B01A7FDA6E003755F0</string>
			<key>isa</key>
			<string>PBXBuildFile</string>
		</dict>
		<key>965355B21A7FF7F2003755F0</key>
		<dict>
			<key>fileEncoding</key>
			<string>4</string>
			<key>isa</key>
			<string>PBXFileReference</string>
			<key>lastKnownFileType</key>
			<string>sourcecode.c.h</string>
			<key>path</key>
			<string>VFCRecipesViewController.h</string>
			<key>sourceTree</key>
			<string>&lt;group&gt;</string>
		</dict>
		<key>965355B31A7FF7F2003755F0</key>
		<dict>
			<key>fileEncoding</key>
			<string>4</string>
			<key>isa</key>
			<string>PBXFileReference</string>
			<key>lastKnownFileType</key>
			<string>sourcecode.c.objc</string>
			<key>path</key>
			<string>VFCRecipesViewController.m</string>
			<key>sourceTree</key>
			<string>&lt;group&gt;</string>
		</dict>
		<key>965355B41A7FF7F2003755F0</key>
		<dict>
			<key>fileRef</key>
			<string>965355B31A7FF7F2003755F0</string>
			<key>isa</key>
			<string>PBXBuildFile</string>
		</dict>
		<key>965355B51A7FF7FE003755F0</key>
		<dict>
			<key>fileEncoding</key>
			<string>4</string>
			<key>isa</key>
			<string>PBXFileReference</string>
			<key>lastKnownFileType</key>
			<string>sourcecode.c.h</string>
			<key>path</key>
			<string>VFCProductsViewController.h</string>
			<key>sourceTree</key>
			<string>&lt;group&gt;</string>
		</dict>
		<key>965355B61A7FF7FE003755F0</key>
		<dict>
			<key>fileEncoding</key>
			<string>4</string>
			<key>isa</key>
			<string>PBXFileReference</string>
			<key>lastKnownFileType</key>
			<string>sourcecode.c.objc</string>
			<key>path</key>
			<string>VFCProductsViewController.m</string>
			<key>sourceTree</key>
			<string>&lt;group&gt;</string>
		</dict>
		<key>965355B71A7FF7FE003755F0</key>
		<dict>
			<key>fileRef</key>
			<string>965355B61A7FF7FE003755F0</string>
			<key>isa</key>
			<string>PBXBuildFile</string>
		</dict>
		<key>965355B81A8008F4003755F0</key>
		<dict>
			<key>fileEncoding</key>
			<string>4</string>
			<key>isa</key>
			<string>PBXFileReference</string>
			<key>lastKnownFileType</key>
			<string>text.plist.xml</string>
			<key>path</key>
			<string>Tags.plist</string>
			<key>sourceTree</key>
			<string>&lt;group&gt;</string>
		</dict>
		<key>965355B91A8008F4003755F0</key>
		<dict>
			<key>fileRef</key>
			<string>965355B81A8008F4003755F0</string>
			<key>isa</key>
			<string>PBXBuildFile</string>
		</dict>
		<key>966F2D941A825EC6006417DC</key>
		<dict>
			<key>fileEncoding</key>
			<string>4</string>
			<key>isa</key>
			<string>PBXFileReference</string>
			<key>lastKnownFileType</key>
			<string>sourcecode.c.h</string>
			<key>path</key>
			<string>VFCDeepDiveViewController.h</string>
			<key>sourceTree</key>
			<string>&lt;group&gt;</string>
		</dict>
		<key>966F2D951A825EC6006417DC</key>
		<dict>
			<key>fileEncoding</key>
			<string>4</string>
			<key>isa</key>
			<string>PBXFileReference</string>
			<key>lastKnownFileType</key>
			<string>sourcecode.c.objc</string>
			<key>path</key>
			<string>VFCDeepDiveViewController.m</string>
			<key>sourceTree</key>
			<string>&lt;group&gt;</string>
		</dict>
		<key>966F2D961A825EC6006417DC</key>
		<dict>
			<key>fileRef</key>
			<string>966F2D951A825EC6006417DC</string>
			<key>isa</key>
			<string>PBXBuildFile</string>
		</dict>
		<key>96957EF71A44A5E800BB4E86</key>
		<dict>
			<key>fileEncoding</key>
			<string>4</string>
			<key>isa</key>
			<string>PBXFileReference</string>
			<key>lastKnownFileType</key>
			<string>sourcecode.c.h</string>
			<key>path</key>
			<string>VFCCrumbTrailView.h</string>
			<key>sourceTree</key>
			<string>&lt;group&gt;</string>
		</dict>
		<key>96957EF81A44A5E800BB4E86</key>
		<dict>
			<key>fileEncoding</key>
			<string>4</string>
			<key>isa</key>
			<string>PBXFileReference</string>
			<key>lastKnownFileType</key>
			<string>sourcecode.c.objc</string>
			<key>path</key>
			<string>VFCCrumbTrailView.m</string>
			<key>sourceTree</key>
			<string>&lt;group&gt;</string>
		</dict>
		<key>96957EF91A44A5E800BB4E86</key>
		<dict>
			<key>fileRef</key>
			<string>96957EF81A44A5E800BB4E86</string>
			<key>isa</key>
			<string>PBXBuildFile</string>
		</dict>
		<key>96957EFD1A44A84600BB4E86</key>
		<dict>
			<key>fileEncoding</key>
			<string>4</string>
			<key>isa</key>
			<string>PBXFileReference</string>
			<key>lastKnownFileType</key>
			<string>sourcecode.c.h</string>
			<key>path</key>
			<string>VFCSegmentButton.h</string>
			<key>sourceTree</key>
			<string>&lt;group&gt;</string>
		</dict>
		<key>96957EFE1A44A84600BB4E86</key>
		<dict>
			<key>fileEncoding</key>
			<string>4</string>
			<key>isa</key>
			<string>PBXFileReference</string>
			<key>lastKnownFileType</key>
			<string>sourcecode.c.objc</string>
			<key>path</key>
			<string>VFCSegmentButton.m</string>
			<key>sourceTree</key>
			<string>&lt;group&gt;</string>
		</dict>
		<key>96957EFF1A44A84600BB4E86</key>
		<dict>
			<key>fileRef</key>
			<string>96957EFE1A44A84600BB4E86</string>
			<key>isa</key>
			<string>PBXBuildFile</string>
		</dict>
		<key>96AC2F3B1A433DB400A6BC56</key>
		<dict>
			<key>buildActionMask</key>
			<string>2147483647</string>
			<key>dstPath</key>
			<string></string>
			<key>dstSubfolderSpec</key>
			<string>10</string>
			<key>files</key>
			<array/>
			<key>isa</key>
			<string>PBXCopyFilesBuildPhase</string>
			<key>name</key>
			<string>Embed Frameworks</string>
			<key>runOnlyForDeploymentPostprocessing</key>
			<string>0</string>
		</dict>
		<key>96B2A2241A43155A0051E38D</key>
		<dict>
			<key>fileEncoding</key>
			<string>4</string>
			<key>isa</key>
			<string>PBXFileReference</string>
			<key>lastKnownFileType</key>
			<string>sourcecode.c.h</string>
			<key>path</key>
			<string>VFCDocumentHeaderView.h</string>
			<key>sourceTree</key>
			<string>&lt;group&gt;</string>
		</dict>
		<key>96B2A2251A43155A0051E38D</key>
		<dict>
			<key>fileEncoding</key>
			<string>4</string>
			<key>isa</key>
			<string>PBXFileReference</string>
			<key>lastKnownFileType</key>
			<string>sourcecode.c.objc</string>
			<key>path</key>
			<string>VFCDocumentHeaderView.m</string>
			<key>sourceTree</key>
			<string>&lt;group&gt;</string>
		</dict>
		<key>96B2A2261A43155A0051E38D</key>
		<dict>
			<key>fileRef</key>
			<string>96B2A2251A43155A0051E38D</string>
			<key>isa</key>
			<string>PBXBuildFile</string>
		</dict>
		<key>96B3DF3D1A7BC96300CEF105</key>
		<dict>
			<key>children</key>
			<array>
				<string>96B3DF3F1A7BC98700CEF105</string>
				<string>96B3DF401A7BC98700CEF105</string>
				<string>965355B51A7FF7FE003755F0</string>
				<string>965355B61A7FF7FE003755F0</string>
				<string>965355B21A7FF7F2003755F0</string>
				<string>965355B31A7FF7F2003755F0</string>
			</array>
			<key>isa</key>
			<string>PBXGroup</string>
			<key>name</key>
			<string>Gap Analysis</string>
			<key>sourceTree</key>
			<string>&lt;group&gt;</string>
		</dict>
		<key>96B3DF3E1A7BC96D00CEF105</key>
		<dict>
			<key>children</key>
			<array>
				<string>96B3DF421A7BC99400CEF105</string>
				<string>96B3DF431A7BC99400CEF105</string>
			</array>
			<key>isa</key>
			<string>PBXGroup</string>
			<key>name</key>
			<string>Solution</string>
			<key>sourceTree</key>
			<string>&lt;group&gt;</string>
		</dict>
		<key>96B3DF3F1A7BC98700CEF105</key>
		<dict>
			<key>fileEncoding</key>
			<string>4</string>
			<key>isa</key>
			<string>PBXFileReference</string>
			<key>lastKnownFileType</key>
			<string>sourcecode.c.h</string>
			<key>path</key>
			<string>VFCGapAnalysisViewController.h</string>
			<key>sourceTree</key>
			<string>&lt;group&gt;</string>
		</dict>
		<key>96B3DF401A7BC98700CEF105</key>
		<dict>
			<key>fileEncoding</key>
			<string>4</string>
			<key>isa</key>
			<string>PBXFileReference</string>
			<key>lastKnownFileType</key>
			<string>sourcecode.c.objc</string>
			<key>path</key>
			<string>VFCGapAnalysisViewController.m</string>
			<key>sourceTree</key>
			<string>&lt;group&gt;</string>
		</dict>
		<key>96B3DF411A7BC98700CEF105</key>
		<dict>
			<key>fileRef</key>
			<string>96B3DF401A7BC98700CEF105</string>
			<key>isa</key>
			<string>PBXBuildFile</string>
		</dict>
		<key>96B3DF421A7BC99400CEF105</key>
		<dict>
			<key>fileEncoding</key>
			<string>4</string>
			<key>isa</key>
			<string>PBXFileReference</string>
			<key>lastKnownFileType</key>
			<string>sourcecode.c.h</string>
			<key>path</key>
			<string>VFCSolutionViewController.h</string>
			<key>sourceTree</key>
			<string>&lt;group&gt;</string>
		</dict>
		<key>96B3DF431A7BC99400CEF105</key>
		<dict>
			<key>fileEncoding</key>
			<string>4</string>
			<key>isa</key>
			<string>PBXFileReference</string>
			<key>lastKnownFileType</key>
			<string>sourcecode.c.objc</string>
			<key>path</key>
			<string>VFCSolutionViewController.m</string>
			<key>sourceTree</key>
			<string>&lt;group&gt;</string>
		</dict>
		<key>96B3DF441A7BC99400CEF105</key>
		<dict>
			<key>fileRef</key>
			<string>96B3DF431A7BC99400CEF105</string>
			<key>isa</key>
			<string>PBXBuildFile</string>
		</dict>
		<key>96B3DF451A7BD35E00CEF105</key>
		<dict>
			<key>fileEncoding</key>
			<string>4</string>
			<key>isa</key>
			<string>PBXFileReference</string>
			<key>lastKnownFileType</key>
			<string>sourcecode.c.h</string>
			<key>path</key>
			<string>VFCPageView.h</string>
			<key>sourceTree</key>
			<string>&lt;group&gt;</string>
		</dict>
		<key>96B3DF461A7BD35E00CEF105</key>
		<dict>
			<key>fileEncoding</key>
			<string>4</string>
			<key>isa</key>
			<string>PBXFileReference</string>
			<key>lastKnownFileType</key>
			<string>sourcecode.c.objc</string>
			<key>path</key>
			<string>VFCPageView.m</string>
			<key>sourceTree</key>
			<string>&lt;group&gt;</string>
		</dict>
		<key>96B3DF471A7BD35E00CEF105</key>
		<dict>
			<key>fileRef</key>
			<string>96B3DF461A7BD35E00CEF105</string>
			<key>isa</key>
			<string>PBXBuildFile</string>
		</dict>
		<key>96B3DF481A7BDDA800CEF105</key>
		<dict>
			<key>children</key>
			<array>
				<string>96CBBC431A488D410028CFE4</string>
				<string>96CBBC441A488D410028CFE4</string>
				<string>96957EF71A44A5E800BB4E86</string>
				<string>96957EF81A44A5E800BB4E86</string>
				<string>96BA68311A40C7D300F06EE5</string>
				<string>96BA68321A40C7D300F06EE5</string>
				<string>96B2A2241A43155A0051E38D</string>
				<string>96B2A2251A43155A0051E38D</string>
				<string>96BA683A1A40CBAB00F06EE5</string>
				<string>96BA683B1A40CBAB00F06EE5</string>
				<string>965355AA1A7FB43E003755F0</string>
				<string>965355AB1A7FB43E003755F0</string>
				<string>96B3DF451A7BD35E00CEF105</string>
				<string>96B3DF461A7BD35E00CEF105</string>
				<string>96957EFD1A44A84600BB4E86</string>
				<string>96957EFE1A44A84600BB4E86</string>
			</array>
			<key>isa</key>
			<string>PBXGroup</string>
			<key>name</key>
			<string>Document</string>
			<key>sourceTree</key>
			<string>&lt;group&gt;</string>
		</dict>
		<key>96BA67F21A40C5DA00F06EE5</key>
		<dict>
			<key>children</key>
			<array>
				<string>96BA67FD1A40C5DA00F06EE5</string>
				<string>96BA67FC1A40C5DA00F06EE5</string>
				<string>A050F3B7CD77E90E6839C370</string>
				<string>3579D381CB460853A738C7BE</string>
			</array>
			<key>isa</key>
			<string>PBXGroup</string>
			<key>sourceTree</key>
			<string>&lt;group&gt;</string>
		</dict>
		<key>96BA67F31A40C5DA00F06EE5</key>
		<dict>
			<key>attributes</key>
			<dict>
				<key>LastUpgradeCheck</key>
				<string>0610</string>
				<key>ORGANIZATIONNAME</key>
				<string>Xcelerate Media Inc.</string>
				<key>TargetAttributes</key>
				<dict>
					<key>96BA67FA1A40C5DA00F06EE5</key>
					<dict>
						<key>CreatedOnToolsVersion</key>
						<string>6.1.1</string>
						<key>DevelopmentTeam</key>
						<string>MDP7N4A75H</string>
					</dict>
				</dict>
			</dict>
			<key>buildConfigurationList</key>
			<string>96BA67F61A40C5DA00F06EE5</string>
			<key>compatibilityVersion</key>
			<string>Xcode 3.2</string>
			<key>developmentRegion</key>
			<string>English</string>
			<key>hasScannedForEncodings</key>
			<string>0</string>
			<key>isa</key>
			<string>PBXProject</string>
			<key>knownRegions</key>
			<array>
				<string>en</string>
				<string>Base</string>
			</array>
			<key>mainGroup</key>
			<string>96BA67F21A40C5DA00F06EE5</string>
			<key>productRefGroup</key>
			<string>96BA67FC1A40C5DA00F06EE5</string>
			<key>projectDirPath</key>
			<string></string>
			<key>projectReferences</key>
			<array/>
			<key>projectRoot</key>
			<string></string>
			<key>targets</key>
			<array>
				<string>96BA67FA1A40C5DA00F06EE5</string>
			</array>
		</dict>
		<key>96BA67F61A40C5DA00F06EE5</key>
		<dict>
			<key>buildConfigurations</key>
			<array>
				<string>96BA681C1A40C5DB00F06EE5</string>
				<string>96BA681D1A40C5DB00F06EE5</string>
				<string>96BA68371A40CA8A00F06EE5</string>
			</array>
			<key>defaultConfigurationIsVisible</key>
			<string>0</string>
			<key>defaultConfigurationName</key>
			<string>Release</string>
			<key>isa</key>
			<string>XCConfigurationList</string>
		</dict>
		<key>96BA67F71A40C5DA00F06EE5</key>
		<dict>
			<key>buildActionMask</key>
			<string>2147483647</string>
			<key>files</key>
			<array>
				<string>96957EF91A44A5E800BB4E86</string>
				<string>96BA682E1A40C6DB00F06EE5</string>
				<string>96BA682D1A40C6DB00F06EE5</string>
				<string>960BEFB81A7A9A69002658BE</string>
				<string>965355B71A7FF7FE003755F0</string>
				<string>965355B41A7FF7F2003755F0</string>
				<string>96CBBC451A488D410028CFE4</string>
				<string>96CBBC481A48A2370028CFE4</string>
				<string>960BEFB21A7A7482002658BE</string>
				<string>960BEFB11A7A7482002658BE</string>
				<string>96D256881A6EAE7200980899</string>
				<string>96BA683C1A40CBAB00F06EE5</string>
				<string>96B3DF441A7BC99400CEF105</string>
				<string>96D2568F1A6EE48B00980899</string>
				<string>96B3DF411A7BC98700CEF105</string>
				<string>96B2A2261A43155A0051E38D</string>
				<string>960BEFB41A7A7482002658BE</string>
				<string>966F2D961A825EC6006417DC</string>
				<string>965355B11A7FDA6E003755F0</string>
				<string>965355AC1A7FB43E003755F0</string>
				<string>96BA68331A40C7D300F06EE5</string>
				<string>96B3DF471A7BD35E00CEF105</string>
				<string>96D2568C1A6EE47D00980899</string>
				<string>96CBBC4F1A48A9880028CFE4</string>
				<string>96BA68011A40C5DA00F06EE5</string>
				<string>960BEFB51A7A7482002658BE</string>
				<string>960BEFB31A7A7482002658BE</string>
				<string>96957EFF1A44A84600BB4E86</string>
				<string>960BEFB01A7A7482002658BE</string>
			</array>
			<key>isa</key>
			<string>PBXSourcesBuildPhase</string>
			<key>runOnlyForDeploymentPostprocessing</key>
			<string>0</string>
		</dict>
		<key>96BA67F81A40C5DA00F06EE5</key>
		<dict>
			<key>buildActionMask</key>
			<string>2147483647</string>
			<key>files</key>
			<array>
				<string>96BA683E1A40CDCE00F06EE5</string>
				<string>CDBC3914BD836ED71C3FF7C2</string>
			</array>
			<key>isa</key>
			<string>PBXFrameworksBuildPhase</string>
			<key>runOnlyForDeploymentPostprocessing</key>
			<string>0</string>
		</dict>
		<key>96BA67F91A40C5DA00F06EE5</key>
		<dict>
			<key>buildActionMask</key>
			<string>2147483647</string>
			<key>files</key>
			<array>
				<string>965355B91A8008F4003755F0</string>
				<string>965355AE1A7FDA57003755F0</string>
				<string>96BA680A1A40C5DA00F06EE5</string>
				<string>96D256841A6EAE4B00980899</string>
				<string>960BEFAF1A7A7482002658BE</string>
				<string>96CBBC4C1A48A5AC0028CFE4</string>
				<string>96BA680F1A40C5DA00F06EE5</string>
				<string>96BA680C1A40C5DA00F06EE5</string>
				<string>96CBBC4A1A48A4240028CFE4</string>
				<string>96BA68301A40C6F600F06EE5</string>
				<string>96D256911A6EE4DF00980899</string>
			</array>
			<key>isa</key>
			<string>PBXResourcesBuildPhase</string>
			<key>runOnlyForDeploymentPostprocessing</key>
			<string>0</string>
		</dict>
		<key>96BA67FA1A40C5DA00F06EE5</key>
		<dict>
			<key>buildConfigurationList</key>
			<string>96BA681E1A40C5DB00F06EE5</string>
			<key>buildPhases</key>
			<array>
				<string>071FFF15DA4FBBB41C7F75DD</string>
				<string>96BA67F71A40C5DA00F06EE5</string>
				<string>96BA67F81A40C5DA00F06EE5</string>
				<string>96BA67F91A40C5DA00F06EE5</string>
				<string>96AC2F3B1A433DB400A6BC56</string>
				<string>9632FBD8B39482E22D81F878</string>
			</array>
			<key>buildRules</key>
			<array/>
			<key>dependencies</key>
			<array/>
			<key>isa</key>
			<string>PBXNativeTarget</string>
			<key>name</key>
			<string>RCAMPad</string>
			<key>productName</key>
			<string>RCAMPad</string>
			<key>productReference</key>
			<string>96BA67FB1A40C5DA00F06EE5</string>
			<key>productType</key>
			<string>com.apple.product-type.application</string>
		</dict>
		<key>96BA67FB1A40C5DA00F06EE5</key>
		<dict>
			<key>explicitFileType</key>
			<string>wrapper.application</string>
			<key>includeInIndex</key>
			<string>0</string>
			<key>isa</key>
			<string>PBXFileReference</string>
			<key>path</key>
			<string>RCAMPad.app</string>
			<key>sourceTree</key>
			<string>BUILT_PRODUCTS_DIR</string>
		</dict>
		<key>96BA67FC1A40C5DA00F06EE5</key>
		<dict>
			<key>children</key>
			<array>
				<string>96BA67FB1A40C5DA00F06EE5</string>
			</array>
			<key>isa</key>
			<string>PBXGroup</string>
			<key>name</key>
			<string>Products</string>
			<key>sourceTree</key>
			<string>&lt;group&gt;</string>
		</dict>
		<key>96BA67FD1A40C5DA00F06EE5</key>
		<dict>
			<key>children</key>
			<array>
				<string>960BEFA01A7A7482002658BE</string>
				<string>96BA68241A40C6DB00F06EE5</string>
				<string>96BA68291A40C6DB00F06EE5</string>
				<string>96BA68081A40C5DA00F06EE5</string>
				<string>96BA680B1A40C5DA00F06EE5</string>
				<string>96BA680D1A40C5DA00F06EE5</string>
				<string>96BA67FE1A40C5DA00F06EE5</string>
			</array>
			<key>isa</key>
			<string>PBXGroup</string>
			<key>path</key>
			<string>RCAMPad</string>
			<key>sourceTree</key>
			<string>&lt;group&gt;</string>
		</dict>
		<key>96BA67FE1A40C5DA00F06EE5</key>
		<dict>
			<key>children</key>
			<array>
				<string>96BA67FF1A40C5DA00F06EE5</string>
				<string>96BA68001A40C5DA00F06EE5</string>
			</array>
			<key>isa</key>
			<string>PBXGroup</string>
			<key>name</key>
			<string>Supporting Files</string>
			<key>sourceTree</key>
			<string>&lt;group&gt;</string>
		</dict>
		<key>96BA67FF1A40C5DA00F06EE5</key>
		<dict>
			<key>isa</key>
			<string>PBXFileReference</string>
			<key>lastKnownFileType</key>
			<string>text.plist.xml</string>
			<key>path</key>
			<string>Info.plist</string>
			<key>sourceTree</key>
			<string>&lt;group&gt;</string>
		</dict>
		<key>96BA68001A40C5DA00F06EE5</key>
		<dict>
			<key>isa</key>
			<string>PBXFileReference</string>
			<key>lastKnownFileType</key>
			<string>sourcecode.c.objc</string>
			<key>path</key>
			<string>main.m</string>
			<key>sourceTree</key>
			<string>&lt;group&gt;</string>
		</dict>
		<key>96BA68011A40C5DA00F06EE5</key>
		<dict>
			<key>fileRef</key>
			<string>96BA68001A40C5DA00F06EE5</string>
			<key>isa</key>
			<string>PBXBuildFile</string>
		</dict>
		<key>96BA68081A40C5DA00F06EE5</key>
		<dict>
			<key>children</key>
			<array>
				<string>96BA68091A40C5DA00F06EE5</string>
			</array>
			<key>isa</key>
			<string>PBXVariantGroup</string>
			<key>name</key>
			<string>Main.storyboard</string>
			<key>sourceTree</key>
			<string>&lt;group&gt;</string>
		</dict>
		<key>96BA68091A40C5DA00F06EE5</key>
		<dict>
			<key>isa</key>
			<string>PBXFileReference</string>
			<key>lastKnownFileType</key>
			<string>file.storyboard</string>
			<key>name</key>
			<string>Base</string>
			<key>path</key>
			<string>Base.lproj/Main.storyboard</string>
			<key>sourceTree</key>
			<string>&lt;group&gt;</string>
		</dict>
		<key>96BA680A1A40C5DA00F06EE5</key>
		<dict>
			<key>fileRef</key>
			<string>96BA68081A40C5DA00F06EE5</string>
			<key>isa</key>
			<string>PBXBuildFile</string>
		</dict>
		<key>96BA680B1A40C5DA00F06EE5</key>
		<dict>
			<key>isa</key>
			<string>PBXFileReference</string>
			<key>lastKnownFileType</key>
			<string>folder.assetcatalog</string>
			<key>path</key>
			<string>Images.xcassets</string>
			<key>sourceTree</key>
			<string>&lt;group&gt;</string>
		</dict>
		<key>96BA680C1A40C5DA00F06EE5</key>
		<dict>
			<key>fileRef</key>
			<string>96BA680B1A40C5DA00F06EE5</string>
			<key>isa</key>
			<string>PBXBuildFile</string>
		</dict>
		<key>96BA680D1A40C5DA00F06EE5</key>
		<dict>
			<key>children</key>
			<array>
				<string>96BA680E1A40C5DA00F06EE5</string>
			</array>
			<key>isa</key>
			<string>PBXVariantGroup</string>
			<key>name</key>
			<string>LaunchScreen.xib</string>
			<key>sourceTree</key>
			<string>&lt;group&gt;</string>
		</dict>
		<key>96BA680E1A40C5DA00F06EE5</key>
		<dict>
			<key>isa</key>
			<string>PBXFileReference</string>
			<key>lastKnownFileType</key>
			<string>file.xib</string>
			<key>name</key>
			<string>Base</string>
			<key>path</key>
			<string>Base.lproj/LaunchScreen.xib</string>
			<key>sourceTree</key>
			<string>&lt;group&gt;</string>
		</dict>
		<key>96BA680F1A40C5DA00F06EE5</key>
		<dict>
			<key>fileRef</key>
			<string>96BA680D1A40C5DA00F06EE5</string>
			<key>isa</key>
			<string>PBXBuildFile</string>
		</dict>
		<key>96BA681C1A40C5DB00F06EE5</key>
		<dict>
			<key>buildSettings</key>
			<dict>
				<key>ALWAYS_SEARCH_USER_PATHS</key>
				<string>NO</string>
				<key>CLANG_CXX_LANGUAGE_STANDARD</key>
				<string>gnu++0x</string>
				<key>CLANG_CXX_LIBRARY</key>
				<string>libc++</string>
				<key>CLANG_ENABLE_MODULES</key>
				<string>YES</string>
				<key>CLANG_ENABLE_OBJC_ARC</key>
				<string>YES</string>
				<key>CLANG_WARN_BOOL_CONVERSION</key>
				<string>YES</string>
				<key>CLANG_WARN_CONSTANT_CONVERSION</key>
				<string>YES</string>
				<key>CLANG_WARN_DIRECT_OBJC_ISA_USAGE</key>
				<string>YES_ERROR</string>
				<key>CLANG_WARN_EMPTY_BODY</key>
				<string>YES</string>
				<key>CLANG_WARN_ENUM_CONVERSION</key>
				<string>YES</string>
				<key>CLANG_WARN_INT_CONVERSION</key>
				<string>YES</string>
				<key>CLANG_WARN_OBJC_ROOT_CLASS</key>
				<string>YES_ERROR</string>
				<key>CLANG_WARN_UNREACHABLE_CODE</key>
				<string>YES</string>
				<key>CLANG_WARN__DUPLICATE_METHOD_MATCH</key>
				<string>YES</string>
				<key>CODE_SIGN_IDENTITY[sdk=iphoneos*]</key>
				<string>iPhone Developer</string>
				<key>COPY_PHASE_STRIP</key>
				<string>NO</string>
				<key>ENABLE_STRICT_OBJC_MSGSEND</key>
				<string>YES</string>
				<key>GCC_C_LANGUAGE_STANDARD</key>
				<string>gnu99</string>
				<key>GCC_DYNAMIC_NO_PIC</key>
				<string>NO</string>
				<key>GCC_OPTIMIZATION_LEVEL</key>
				<string>0</string>
				<key>GCC_PREPROCESSOR_DEFINITIONS</key>
				<array>
					<string>DEBUG=1</string>
					<string>$(inherited)</string>
				</array>
				<key>GCC_SYMBOLS_PRIVATE_EXTERN</key>
				<string>NO</string>
				<key>GCC_WARN_64_TO_32_BIT_CONVERSION</key>
				<string>YES</string>
				<key>GCC_WARN_ABOUT_RETURN_TYPE</key>
				<string>YES_ERROR</string>
				<key>GCC_WARN_UNDECLARED_SELECTOR</key>
				<string>YES</string>
				<key>GCC_WARN_UNINITIALIZED_AUTOS</key>
				<string>YES_AGGRESSIVE</string>
				<key>GCC_WARN_UNUSED_FUNCTION</key>
				<string>YES</string>
				<key>GCC_WARN_UNUSED_VARIABLE</key>
				<string>YES</string>
				<key>IPHONEOS_DEPLOYMENT_TARGET</key>
				<string>8.1</string>
				<key>MTL_ENABLE_DEBUG_INFO</key>
				<string>YES</string>
				<key>ONLY_ACTIVE_ARCH</key>
				<string>YES</string>
				<key>PROVISIONING_PROFILE</key>
				<string>27290911-88c9-4f92-8ff8-5ec2c149c7df</string>
				<key>SDKROOT</key>
				<string>iphoneos</string>
				<key>TARGETED_DEVICE_FAMILY</key>
				<string>2</string>
			</dict>
			<key>isa</key>
			<string>XCBuildConfiguration</string>
			<key>name</key>
			<string>Debug</string>
		</dict>
		<key>96BA681D1A40C5DB00F06EE5</key>
		<dict>
			<key>buildSettings</key>
			<dict>
				<key>ALWAYS_SEARCH_USER_PATHS</key>
				<string>NO</string>
				<key>CLANG_CXX_LANGUAGE_STANDARD</key>
				<string>gnu++0x</string>
				<key>CLANG_CXX_LIBRARY</key>
				<string>libc++</string>
				<key>CLANG_ENABLE_MODULES</key>
				<string>YES</string>
				<key>CLANG_ENABLE_OBJC_ARC</key>
				<string>YES</string>
				<key>CLANG_WARN_BOOL_CONVERSION</key>
				<string>YES</string>
				<key>CLANG_WARN_CONSTANT_CONVERSION</key>
				<string>YES</string>
				<key>CLANG_WARN_DIRECT_OBJC_ISA_USAGE</key>
				<string>YES_ERROR</string>
				<key>CLANG_WARN_EMPTY_BODY</key>
				<string>YES</string>
				<key>CLANG_WARN_ENUM_CONVERSION</key>
				<string>YES</string>
				<key>CLANG_WARN_INT_CONVERSION</key>
				<string>YES</string>
				<key>CLANG_WARN_OBJC_ROOT_CLASS</key>
				<string>YES_ERROR</string>
				<key>CLANG_WARN_UNREACHABLE_CODE</key>
				<string>YES</string>
				<key>CLANG_WARN__DUPLICATE_METHOD_MATCH</key>
				<string>YES</string>
				<key>CODE_SIGN_IDENTITY[sdk=iphoneos*]</key>
				<string>iPhone Distribution</string>
				<key>COPY_PHASE_STRIP</key>
				<string>YES</string>
				<key>ENABLE_NS_ASSERTIONS</key>
				<string>NO</string>
				<key>ENABLE_STRICT_OBJC_MSGSEND</key>
				<string>YES</string>
				<key>GCC_C_LANGUAGE_STANDARD</key>
				<string>gnu99</string>
				<key>GCC_WARN_64_TO_32_BIT_CONVERSION</key>
				<string>YES</string>
				<key>GCC_WARN_ABOUT_RETURN_TYPE</key>
				<string>YES_ERROR</string>
				<key>GCC_WARN_UNDECLARED_SELECTOR</key>
				<string>YES</string>
				<key>GCC_WARN_UNINITIALIZED_AUTOS</key>
				<string>YES_AGGRESSIVE</string>
				<key>GCC_WARN_UNUSED_FUNCTION</key>
				<string>YES</string>
				<key>GCC_WARN_UNUSED_VARIABLE</key>
				<string>YES</string>
				<key>IPHONEOS_DEPLOYMENT_TARGET</key>
				<string>8.1</string>
				<key>MTL_ENABLE_DEBUG_INFO</key>
				<string>NO</string>
				<key>PROVISIONING_PROFILE</key>
				<string></string>
				<key>SDKROOT</key>
				<string>iphoneos</string>
				<key>TARGETED_DEVICE_FAMILY</key>
				<string>2</string>
				<key>VALIDATE_PRODUCT</key>
				<string>YES</string>
			</dict>
			<key>isa</key>
			<string>XCBuildConfiguration</string>
			<key>name</key>
			<string>Release</string>
		</dict>
		<key>96BA681E1A40C5DB00F06EE5</key>
		<dict>
			<key>buildConfigurations</key>
			<array>
				<string>96BA681F1A40C5DB00F06EE5</string>
				<string>96BA68201A40C5DB00F06EE5</string>
				<string>96BA68381A40CA8A00F06EE5</string>
			</array>
			<key>defaultConfigurationIsVisible</key>
			<string>0</string>
			<key>defaultConfigurationName</key>
			<string>Release</string>
			<key>isa</key>
			<string>XCConfigurationList</string>
		</dict>
		<key>96BA681F1A40C5DB00F06EE5</key>
		<dict>
			<key>baseConfigurationReference</key>
			<string>9335FF7C6CA4F028EDBDF013</string>
			<key>buildSettings</key>
			<dict>
				<key>ASSETCATALOG_COMPILER_APPICON_NAME</key>
				<string>AppIcon</string>
				<key>ASSETCATALOG_COMPILER_LAUNCHIMAGE_NAME</key>
				<string>LaunchImage</string>
				<key>CLANG_ENABLE_MODULES</key>
				<string>YES</string>
				<key>CODE_SIGN_IDENTITY</key>
				<string>iPhone Developer</string>
				<key>CODE_SIGN_IDENTITY[sdk=iphoneos*]</key>
				<string>iPhone Developer</string>
				<key>FRAMEWORK_SEARCH_PATHS</key>
				<array>
					<string>$(inherited)</string>
					<string>/Users/xm/Desktop</string>
					<string>$(USER_LIBRARY_DIR)/Developer/Xcode/DerivedData/XSCKit-erimymtpjyivkrdzfawoznogdeog/Build/Products/Debug-iphoneos</string>
					<string>$(USER_LIBRARY_DIR)/Developer/Xcode/DerivedData/VFCKit-ceqlmkwfwnssiscsnbtyzquvuatz/Build/Products/Debug-iphoneos</string>
					<string>$(PROJECT_DIR)/Frameworks</string>
				</array>
				<key>INFOPLIST_FILE</key>
				<string>RCAMPad/Info.plist</string>
				<key>LD_RUNPATH_SEARCH_PATHS</key>
				<string>$(inherited) @executable_path/Frameworks</string>
				<key>PRODUCT_NAME</key>
				<string>$(TARGET_NAME)</string>
				<key>PROVISIONING_PROFILE</key>
				<string></string>
				<key>SWIFT_OBJC_BRIDGING_HEADER</key>
				<string>RCAMPad/Classes/RCAMPad-Bridging-Header.h</string>
				<key>SWIFT_OPTIMIZATION_LEVEL</key>
				<string>-Onone</string>
				<key>TARGETED_DEVICE_FAMILY</key>
				<string>2</string>
			</dict>
			<key>isa</key>
			<string>XCBuildConfiguration</string>
			<key>name</key>
			<string>Debug</string>
		</dict>
		<key>96BA68201A40C5DB00F06EE5</key>
		<dict>
			<key>baseConfigurationReference</key>
			<string>9E809665DF0B7A44B3FCE7FE</string>
			<key>buildSettings</key>
			<dict>
				<key>ASSETCATALOG_COMPILER_APPICON_NAME</key>
				<string>AppIcon</string>
				<key>ASSETCATALOG_COMPILER_LAUNCHIMAGE_NAME</key>
				<string>LaunchImage</string>
				<key>CLANG_ENABLE_MODULES</key>
				<string>YES</string>
				<key>CODE_SIGN_IDENTITY</key>
				<string>iPhone Developer</string>
				<key>CODE_SIGN_IDENTITY[sdk=iphoneos*]</key>
				<string>iPhone Developer</string>
				<key>FRAMEWORK_SEARCH_PATHS</key>
				<array>
					<string>$(inherited)</string>
					<string>/Users/xm/Desktop</string>
					<string>$(USER_LIBRARY_DIR)/Developer/Xcode/DerivedData/XSCKit-erimymtpjyivkrdzfawoznogdeog/Build/Products/Debug-iphoneos</string>
					<string>$(USER_LIBRARY_DIR)/Developer/Xcode/DerivedData/VFCKit-ceqlmkwfwnssiscsnbtyzquvuatz/Build/Products/Debug-iphoneos</string>
					<string>$(PROJECT_DIR)/Frameworks</string>
				</array>
				<key>INFOPLIST_FILE</key>
				<string>RCAMPad/Info.plist</string>
				<key>LD_RUNPATH_SEARCH_PATHS</key>
				<string>$(inherited) @executable_path/Frameworks</string>
				<key>PRODUCT_NAME</key>
				<string>$(TARGET_NAME)</string>
				<key>PROVISIONING_PROFILE</key>
				<string></string>
				<key>SWIFT_OBJC_BRIDGING_HEADER</key>
				<string>RCAMPad/Classes/RCAMPad-Bridging-Header.h</string>
				<key>TARGETED_DEVICE_FAMILY</key>
				<string>2</string>
			</dict>
			<key>isa</key>
			<string>XCBuildConfiguration</string>
			<key>name</key>
			<string>Release</string>
		</dict>
		<key>96BA68241A40C6DB00F06EE5</key>
		<dict>
			<key>children</key>
			<array>
				<string>96BA68251A40C6DB00F06EE5</string>
				<string>96BA68261A40C6DB00F06EE5</string>
				<string>96BA68271A40C6DB00F06EE5</string>
				<string>96BA68281A40C6DB00F06EE5</string>
				<string>966F2D941A825EC6006417DC</string>
				<string>966F2D951A825EC6006417DC</string>
				<string>96CBBC461A48A2370028CFE4</string>
				<string>96CBBC471A48A2370028CFE4</string>
				<string>96B3DF481A7BDDA800CEF105</string>
				<string>96D256851A6EAE5100980899</string>
				<string>96D256891A6EE46800980899</string>
				<string>964C3F541A812EA100052C05</string>
				<string>96B3DF3D1A7BC96300CEF105</string>
				<string>96B3DF3E1A7BC96D00CEF105</string>
			</array>
			<key>isa</key>
			<string>PBXGroup</string>
			<key>path</key>
			<string>Classes</string>
			<key>sourceTree</key>
			<string>&lt;group&gt;</string>
		</dict>
		<key>96BA68251A40C6DB00F06EE5</key>
		<dict>
			<key>fileEncoding</key>
			<string>4</string>
			<key>isa</key>
			<string>PBXFileReference</string>
			<key>lastKnownFileType</key>
			<string>sourcecode.c.h</string>
			<key>path</key>
			<string>AppDelegate.h</string>
			<key>sourceTree</key>
			<string>&lt;group&gt;</string>
		</dict>
		<key>96BA68261A40C6DB00F06EE5</key>
		<dict>
			<key>fileEncoding</key>
			<string>4</string>
			<key>isa</key>
			<string>PBXFileReference</string>
			<key>lastKnownFileType</key>
			<string>sourcecode.c.objc</string>
			<key>path</key>
			<string>AppDelegate.m</string>
			<key>sourceTree</key>
			<string>&lt;group&gt;</string>
		</dict>
		<key>96BA68271A40C6DB00F06EE5</key>
		<dict>
			<key>fileEncoding</key>
			<string>4</string>
			<key>isa</key>
			<string>PBXFileReference</string>
			<key>lastKnownFileType</key>
			<string>sourcecode.c.h</string>
			<key>path</key>
			<string>ViewController.h</string>
			<key>sourceTree</key>
			<string>&lt;group&gt;</string>
		</dict>
		<key>96BA68281A40C6DB00F06EE5</key>
		<dict>
			<key>fileEncoding</key>
			<string>4</string>
			<key>isa</key>
			<string>PBXFileReference</string>
			<key>lastKnownFileType</key>
			<string>sourcecode.c.objc</string>
			<key>path</key>
			<string>ViewController.m</string>
			<key>sourceTree</key>
			<string>&lt;group&gt;</string>
		</dict>
		<key>96BA68291A40C6DB00F06EE5</key>
		<dict>
			<key>children</key>
			<array>
				<string>96BA682A1A40C6DB00F06EE5</string>
				<string>96BA682B1A40C6DB00F06EE5</string>
				<string>96BA682C1A40C6DB00F06EE5</string>
			</array>
			<key>isa</key>
			<string>PBXGroup</string>
			<key>path</key>
			<string>Resources</string>
			<key>sourceTree</key>
			<string>&lt;group&gt;</string>
		</dict>
		<key>96BA682A1A40C6DB00F06EE5</key>
		<dict>
			<key>children</key>
			<array/>
			<key>isa</key>
			<string>PBXGroup</string>
			<key>path</key>
			<string>Audio</string>
			<key>sourceTree</key>
			<string>&lt;group&gt;</string>
		</dict>
		<key>96BA682B1A40C6DB00F06EE5</key>
		<dict>
			<key>children</key>
			<array>
				<string>96CBBC4B1A48A5AC0028CFE4</string>
				<string>96BA682F1A40C6F600F06EE5</string>
				<string>96CBBC491A48A4240028CFE4</string>
				<string>96D256831A6EAE4B00980899</string>
				<string>96D256901A6EE4DF00980899</string>
				<string>965355AD1A7FDA57003755F0</string>
				<string>965355B81A8008F4003755F0</string>
			</array>
			<key>isa</key>
			<string>PBXGroup</string>
			<key>path</key>
			<string>Data</string>
			<key>sourceTree</key>
			<string>&lt;group&gt;</string>
		</dict>
		<key>96BA682C1A40C6DB00F06EE5</key>
		<dict>
			<key>children</key>
			<array/>
			<key>isa</key>
			<string>PBXGroup</string>
			<key>path</key>
			<string>Graphics</string>
			<key>sourceTree</key>
			<string>&lt;group&gt;</string>
		</dict>
		<key>96BA682D1A40C6DB00F06EE5</key>
		<dict>
			<key>fileRef</key>
			<string>96BA68261A40C6DB00F06EE5</string>
			<key>isa</key>
			<string>PBXBuildFile</string>
		</dict>
		<key>96BA682E1A40C6DB00F06EE5</key>
		<dict>
			<key>fileRef</key>
			<string>96BA68281A40C6DB00F06EE5</string>
			<key>isa</key>
			<string>PBXBuildFile</string>
		</dict>
		<key>96BA682F1A40C6F600F06EE5</key>
		<dict>
			<key>fileEncoding</key>
			<string>4</string>
			<key>isa</key>
			<string>PBXFileReference</string>
			<key>lastKnownFileType</key>
			<string>text.plist.xml</string>
			<key>path</key>
			<string>UserDefaults.plist</string>
			<key>sourceTree</key>
			<string>&lt;group&gt;</string>
		</dict>
		<key>96BA68301A40C6F600F06EE5</key>
		<dict>
			<key>fileRef</key>
			<string>96BA682F1A40C6F600F06EE5</string>
			<key>isa</key>
			<string>PBXBuildFile</string>
		</dict>
		<key>96BA68311A40C7D300F06EE5</key>
		<dict>
			<key>fileEncoding</key>
			<string>4</string>
			<key>isa</key>
			<string>PBXFileReference</string>
			<key>lastKnownFileType</key>
			<string>sourcecode.c.h</string>
			<key>path</key>
			<string>VFCDocument.h</string>
			<key>sourceTree</key>
			<string>&lt;group&gt;</string>
		</dict>
		<key>96BA68321A40C7D300F06EE5</key>
		<dict>
			<key>fileEncoding</key>
			<string>4</string>
			<key>isa</key>
			<string>PBXFileReference</string>
			<key>lastKnownFileType</key>
			<string>sourcecode.c.objc</string>
			<key>path</key>
			<string>VFCDocument.m</string>
			<key>sourceTree</key>
			<string>&lt;group&gt;</string>
		</dict>
		<key>96BA68331A40C7D300F06EE5</key>
		<dict>
			<key>fileRef</key>
			<string>96BA68321A40C7D300F06EE5</string>
			<key>isa</key>
			<string>PBXBuildFile</string>
		</dict>
		<key>96BA68371A40CA8A00F06EE5</key>
		<dict>
			<key>buildSettings</key>
			<dict>
				<key>ALWAYS_SEARCH_USER_PATHS</key>
				<string>NO</string>
				<key>CLANG_CXX_LANGUAGE_STANDARD</key>
				<string>gnu++0x</string>
				<key>CLANG_CXX_LIBRARY</key>
				<string>libc++</string>
				<key>CLANG_ENABLE_MODULES</key>
				<string>YES</string>
				<key>CLANG_ENABLE_OBJC_ARC</key>
				<string>YES</string>
				<key>CLANG_WARN_BOOL_CONVERSION</key>
				<string>YES</string>
				<key>CLANG_WARN_CONSTANT_CONVERSION</key>
				<string>YES</string>
				<key>CLANG_WARN_DIRECT_OBJC_ISA_USAGE</key>
				<string>YES_ERROR</string>
				<key>CLANG_WARN_EMPTY_BODY</key>
				<string>YES</string>
				<key>CLANG_WARN_ENUM_CONVERSION</key>
				<string>YES</string>
				<key>CLANG_WARN_INT_CONVERSION</key>
				<string>YES</string>
				<key>CLANG_WARN_OBJC_ROOT_CLASS</key>
				<string>YES_ERROR</string>
				<key>CLANG_WARN_UNREACHABLE_CODE</key>
				<string>YES</string>
				<key>CLANG_WARN__DUPLICATE_METHOD_MATCH</key>
				<string>YES</string>
				<key>CODE_SIGN_IDENTITY[sdk=iphoneos*]</key>
				<string>iPhone Distribution</string>
				<key>COPY_PHASE_STRIP</key>
				<string>YES</string>
				<key>ENABLE_NS_ASSERTIONS</key>
				<string>NO</string>
				<key>ENABLE_STRICT_OBJC_MSGSEND</key>
				<string>YES</string>
				<key>GCC_C_LANGUAGE_STANDARD</key>
				<string>gnu99</string>
				<key>GCC_WARN_64_TO_32_BIT_CONVERSION</key>
				<string>YES</string>
				<key>GCC_WARN_ABOUT_RETURN_TYPE</key>
				<string>YES_ERROR</string>
				<key>GCC_WARN_UNDECLARED_SELECTOR</key>
				<string>YES</string>
				<key>GCC_WARN_UNINITIALIZED_AUTOS</key>
				<string>YES_AGGRESSIVE</string>
				<key>GCC_WARN_UNUSED_FUNCTION</key>
				<string>YES</string>
				<key>GCC_WARN_UNUSED_VARIABLE</key>
				<string>YES</string>
				<key>IPHONEOS_DEPLOYMENT_TARGET</key>
				<string>8.1</string>
				<key>MTL_ENABLE_DEBUG_INFO</key>
				<string>NO</string>
				<key>PROVISIONING_PROFILE</key>
				<string></string>
				<key>SDKROOT</key>
				<string>iphoneos</string>
				<key>TARGETED_DEVICE_FAMILY</key>
				<string>2</string>
				<key>VALIDATE_PRODUCT</key>
				<string>YES</string>
			</dict>
			<key>isa</key>
			<string>XCBuildConfiguration</string>
			<key>name</key>
			<string>Distribution</string>
		</dict>
		<key>96BA68381A40CA8A00F06EE5</key>
		<dict>
			<key>baseConfigurationReference</key>
			<string>C350F4BAE6D81FE16C1825B9</string>
			<key>buildSettings</key>
			<dict>
				<key>ASSETCATALOG_COMPILER_APPICON_NAME</key>
				<string>AppIcon</string>
				<key>ASSETCATALOG_COMPILER_LAUNCHIMAGE_NAME</key>
				<string>LaunchImage</string>
				<key>CLANG_ENABLE_MODULES</key>
				<string>YES</string>
				<key>CODE_SIGN_IDENTITY</key>
				<string>iPhone Developer</string>
				<key>CODE_SIGN_IDENTITY[sdk=iphoneos*]</key>
				<string>iPhone Developer</string>
				<key>FRAMEWORK_SEARCH_PATHS</key>
				<array>
					<string>$(inherited)</string>
					<string>/Users/xm/Desktop</string>
					<string>$(USER_LIBRARY_DIR)/Developer/Xcode/DerivedData/XSCKit-erimymtpjyivkrdzfawoznogdeog/Build/Products/Debug-iphoneos</string>
					<string>$(USER_LIBRARY_DIR)/Developer/Xcode/DerivedData/VFCKit-ceqlmkwfwnssiscsnbtyzquvuatz/Build/Products/Debug-iphoneos</string>
					<string>$(PROJECT_DIR)/Frameworks</string>
				</array>
				<key>INFOPLIST_FILE</key>
				<string>RCAMPad/Info.plist</string>
				<key>LD_RUNPATH_SEARCH_PATHS</key>
				<string>$(inherited) @executable_path/Frameworks</string>
				<key>PRODUCT_NAME</key>
				<string>$(TARGET_NAME)</string>
				<key>PROVISIONING_PROFILE</key>
				<string></string>
				<key>SWIFT_OBJC_BRIDGING_HEADER</key>
				<string>RCAMPad/Classes/RCAMPad-Bridging-Header.h</string>
				<key>TARGETED_DEVICE_FAMILY</key>
				<string>2</string>
			</dict>
			<key>isa</key>
			<string>XCBuildConfiguration</string>
			<key>name</key>
			<string>Distribution</string>
		</dict>
		<key>96BA683A1A40CBAB00F06EE5</key>
		<dict>
			<key>fileEncoding</key>
			<string>4</string>
			<key>isa</key>
			<string>PBXFileReference</string>
			<key>lastKnownFileType</key>
			<string>sourcecode.c.h</string>
			<key>path</key>
			<string>VFCDocumentViewController.h</string>
			<key>sourceTree</key>
			<string>&lt;group&gt;</string>
		</dict>
		<key>96BA683B1A40CBAB00F06EE5</key>
		<dict>
			<key>fileEncoding</key>
			<string>4</string>
			<key>isa</key>
			<string>PBXFileReference</string>
			<key>lastKnownFileType</key>
			<string>sourcecode.c.objc</string>
			<key>path</key>
			<string>VFCDocumentViewController.m</string>
			<key>sourceTree</key>
			<string>&lt;group&gt;</string>
		</dict>
		<key>96BA683C1A40CBAB00F06EE5</key>
		<dict>
			<key>fileRef</key>
			<string>96BA683B1A40CBAB00F06EE5</string>
			<key>isa</key>
			<string>PBXBuildFile</string>
		</dict>
		<key>96BA683D1A40CDCE00F06EE5</key>
		<dict>
			<key>isa</key>
			<string>PBXFileReference</string>
			<key>lastKnownFileType</key>
			<string>wrapper.framework</string>
			<key>name</key>
			<string>MessageUI.framework</string>
			<key>path</key>
			<string>System/Library/Frameworks/MessageUI.framework</string>
			<key>sourceTree</key>
			<string>SDKROOT</string>
		</dict>
		<key>96BA683E1A40CDCE00F06EE5</key>
		<dict>
			<key>fileRef</key>
			<string>96BA683D1A40CDCE00F06EE5</string>
			<key>isa</key>
			<string>PBXBuildFile</string>
		</dict>
		<key>96CBBC431A488D410028CFE4</key>
		<dict>
			<key>fileEncoding</key>
			<string>4</string>
			<key>isa</key>
			<string>PBXFileReference</string>
			<key>lastKnownFileType</key>
			<string>sourcecode.c.h</string>
			<key>path</key>
			<string>VFCCarat.h</string>
			<key>sourceTree</key>
			<string>&lt;group&gt;</string>
		</dict>
		<key>96CBBC441A488D410028CFE4</key>
		<dict>
			<key>fileEncoding</key>
			<string>4</string>
			<key>isa</key>
			<string>PBXFileReference</string>
			<key>lastKnownFileType</key>
			<string>sourcecode.c.objc</string>
			<key>path</key>
			<string>VFCCarat.m</string>
			<key>sourceTree</key>
			<string>&lt;group&gt;</string>
		</dict>
		<key>96CBBC451A488D410028CFE4</key>
		<dict>
			<key>fileRef</key>
			<string>96CBBC441A488D410028CFE4</string>
			<key>isa</key>
			<string>PBXBuildFile</string>
		</dict>
		<key>96CBBC461A48A2370028CFE4</key>
		<dict>
			<key>fileEncoding</key>
			<string>4</string>
			<key>isa</key>
			<string>PBXFileReference</string>
			<key>lastKnownFileType</key>
			<string>sourcecode.c.h</string>
			<key>path</key>
			<string>VFCResourcesViewController.h</string>
			<key>sourceTree</key>
			<string>&lt;group&gt;</string>
		</dict>
		<key>96CBBC471A48A2370028CFE4</key>
		<dict>
			<key>fileEncoding</key>
			<string>4</string>
			<key>isa</key>
			<string>PBXFileReference</string>
			<key>lastKnownFileType</key>
			<string>sourcecode.c.objc</string>
			<key>path</key>
			<string>VFCResourcesViewController.m</string>
			<key>sourceTree</key>
			<string>&lt;group&gt;</string>
		</dict>
		<key>96CBBC481A48A2370028CFE4</key>
		<dict>
			<key>fileRef</key>
			<string>96CBBC471A48A2370028CFE4</string>
			<key>isa</key>
			<string>PBXBuildFile</string>
		</dict>
		<key>96CBBC491A48A4240028CFE4</key>
		<dict>
			<key>fileEncoding</key>
			<string>4</string>
			<key>isa</key>
			<string>PBXFileReference</string>
			<key>lastKnownFileType</key>
			<string>text.plist.xml</string>
			<key>path</key>
			<string>Resources.plist</string>
			<key>sourceTree</key>
			<string>&lt;group&gt;</string>
		</dict>
		<key>96CBBC4A1A48A4240028CFE4</key>
		<dict>
			<key>fileRef</key>
			<string>96CBBC491A48A4240028CFE4</string>
			<key>isa</key>
			<string>PBXBuildFile</string>
		</dict>
		<key>96CBBC4B1A48A5AC0028CFE4</key>
		<dict>
			<key>isa</key>
			<string>PBXFileReference</string>
			<key>lastKnownFileType</key>
			<string>image.pdf</string>
			<key>path</key>
			<string>RCAMPad.pdf</string>
			<key>sourceTree</key>
			<string>&lt;group&gt;</string>
		</dict>
		<key>96CBBC4C1A48A5AC0028CFE4</key>
		<dict>
			<key>fileRef</key>
			<string>96CBBC4B1A48A5AC0028CFE4</string>
			<key>isa</key>
			<string>PBXBuildFile</string>
		</dict>
		<key>96CBBC4D1A48A9880028CFE4</key>
		<dict>
			<key>fileEncoding</key>
			<string>4</string>
			<key>isa</key>
			<string>PBXFileReference</string>
			<key>lastKnownFileType</key>
			<string>sourcecode.c.h</string>
			<key>path</key>
			<string>VFCMacroTrendsViewController.h</string>
			<key>sourceTree</key>
			<string>&lt;group&gt;</string>
		</dict>
		<key>96CBBC4E1A48A9880028CFE4</key>
		<dict>
			<key>fileEncoding</key>
			<string>4</string>
			<key>isa</key>
			<string>PBXFileReference</string>
			<key>lastKnownFileType</key>
			<string>sourcecode.c.objc</string>
			<key>path</key>
			<string>VFCMacroTrendsViewController.m</string>
			<key>sourceTree</key>
			<string>&lt;group&gt;</string>
		</dict>
		<key>96CBBC4F1A48A9880028CFE4</key>
		<dict>
			<key>fileRef</key>
			<string>96CBBC4E1A48A9880028CFE4</string>
			<key>isa</key>
			<string>PBXBuildFile</string>
		</dict>
		<key>96D256831A6EAE4B00980899</key>
		<dict>
			<key>fileEncoding</key>
			<string>4</string>
			<key>isa</key>
			<string>PBXFileReference</string>
			<key>lastKnownFileType</key>
			<string>text.plist.xml</string>
			<key>path</key>
			<string>MacroTrends.plist</string>
			<key>sourceTree</key>
			<string>&lt;group&gt;</string>
		</dict>
		<key>96D256841A6EAE4B00980899</key>
		<dict>
			<key>fileRef</key>
			<string>96D256831A6EAE4B00980899</string>
			<key>isa</key>
			<string>PBXBuildFile</string>
		</dict>
		<key>96D256851A6EAE5100980899</key>
		<dict>
			<key>children</key>
			<array>
				<string>96D256861A6EAE7200980899</string>
				<string>96D256871A6EAE7200980899</string>
				<string>96CBBC4D1A48A9880028CFE4</string>
				<string>96CBBC4E1A48A9880028CFE4</string>
			</array>
			<key>isa</key>
			<string>PBXGroup</string>
			<key>name</key>
			<string>Macro Trend</string>
			<key>sourceTree</key>
			<string>&lt;group&gt;</string>
		</dict>
		<key>96D256861A6EAE7200980899</key>
		<dict>
			<key>fileEncoding</key>
			<string>4</string>
			<key>isa</key>
			<string>PBXFileReference</string>
			<key>lastKnownFileType</key>
			<string>sourcecode.c.h</string>
			<key>path</key>
			<string>VFCMacroTrend.h</string>
			<key>sourceTree</key>
			<string>&lt;group&gt;</string>
		</dict>
		<key>96D256871A6EAE7200980899</key>
		<dict>
			<key>fileEncoding</key>
			<string>4</string>
			<key>isa</key>
			<string>PBXFileReference</string>
			<key>lastKnownFileType</key>
			<string>sourcecode.c.objc</string>
			<key>path</key>
			<string>VFCMacroTrend.m</string>
			<key>sourceTree</key>
			<string>&lt;group&gt;</string>
		</dict>
		<key>96D256881A6EAE7200980899</key>
		<dict>
			<key>fileRef</key>
			<string>96D256871A6EAE7200980899</string>
			<key>isa</key>
			<string>PBXBuildFile</string>
		</dict>
		<key>96D256891A6EE46800980899</key>
		<dict>
			<key>children</key>
			<array>
				<string>96D2568A1A6EE47D00980899</string>
				<string>96D2568B1A6EE47D00980899</string>
				<string>96D2568D1A6EE48B00980899</string>
				<string>96D2568E1A6EE48B00980899</string>
			</array>
			<key>isa</key>
			<string>PBXGroup</string>
			<key>name</key>
			<string>Segment Choice</string>
			<key>sourceTree</key>
			<string>&lt;group&gt;</string>
		</dict>
		<key>96D2568A1A6EE47D00980899</key>
		<dict>
			<key>fileEncoding</key>
			<string>4</string>
			<key>isa</key>
			<string>PBXFileReference</string>
			<key>lastKnownFileType</key>
			<string>sourcecode.c.h</string>
			<key>path</key>
			<string>VFCSegmentChoice.h</string>
			<key>sourceTree</key>
			<string>&lt;group&gt;</string>
		</dict>
		<key>96D2568B1A6EE47D00980899</key>
		<dict>
			<key>fileEncoding</key>
			<string>4</string>
			<key>isa</key>
			<string>PBXFileReference</string>
			<key>lastKnownFileType</key>
			<string>sourcecode.c.objc</string>
			<key>path</key>
			<string>VFCSegmentChoice.m</string>
			<key>sourceTree</key>
			<string>&lt;group&gt;</string>
		</dict>
		<key>96D2568C1A6EE47D00980899</key>
		<dict>
			<key>fileRef</key>
			<string>96D2568B1A6EE47D00980899</string>
			<key>isa</key>
			<string>PBXBuildFile</string>
		</dict>
		<key>96D2568D1A6EE48B00980899</key>
		<dict>
			<key>fileEncoding</key>
			<string>4</string>
			<key>isa</key>
			<string>PBXFileReference</string>
			<key>lastKnownFileType</key>
			<string>sourcecode.c.h</string>
			<key>path</key>
			<string>VFCSegmentChoicesViewController.h</string>
			<key>sourceTree</key>
			<string>&lt;group&gt;</string>
		</dict>
		<key>96D2568E1A6EE48B00980899</key>
		<dict>
			<key>fileEncoding</key>
			<string>4</string>
			<key>isa</key>
			<string>PBXFileReference</string>
			<key>lastKnownFileType</key>
			<string>sourcecode.c.objc</string>
			<key>path</key>
			<string>VFCSegmentChoicesViewController.m</string>
			<key>sourceTree</key>
			<string>&lt;group&gt;</string>
		</dict>
		<key>96D2568F1A6EE48B00980899</key>
		<dict>
			<key>fileRef</key>
			<string>96D2568E1A6EE48B00980899</string>
			<key>isa</key>
			<string>PBXBuildFile</string>
		</dict>
		<key>96D256901A6EE4DF00980899</key>
		<dict>
			<key>fileEncoding</key>
			<string>4</string>
			<key>isa</key>
			<string>PBXFileReference</string>
			<key>lastKnownFileType</key>
			<string>text.plist.xml</string>
			<key>path</key>
			<string>SegmentChoices.plist</string>
			<key>sourceTree</key>
			<string>&lt;group&gt;</string>
		</dict>
		<key>96D256911A6EE4DF00980899</key>
		<dict>
			<key>fileRef</key>
			<string>96D256901A6EE4DF00980899</string>
			<key>isa</key>
			<string>PBXBuildFile</string>
		</dict>
		<key>9E809665DF0B7A44B3FCE7FE</key>
		<dict>
			<key>includeInIndex</key>
			<string>1</string>
			<key>isa</key>
			<string>PBXFileReference</string>
			<key>lastKnownFileType</key>
			<string>text.xcconfig</string>
			<key>name</key>
			<string>Pods.release.xcconfig</string>
			<key>path</key>
			<string>Pods/Target Support Files/Pods/Pods.release.xcconfig</string>
			<key>sourceTree</key>
			<string>&lt;group&gt;</string>
		</dict>
		<key>A050F3B7CD77E90E6839C370</key>
		<dict>
			<key>children</key>
			<array>
				<string>96BA683D1A40CDCE00F06EE5</string>
				<string>829F6FA3BAFB5A12F9F77CF1</string>
			</array>
			<key>isa</key>
			<string>PBXGroup</string>
			<key>name</key>
			<string>Frameworks</string>
			<key>sourceTree</key>
			<string>&lt;group&gt;</string>
		</dict>
		<key>C350F4BAE6D81FE16C1825B9</key>
		<dict>
			<key>includeInIndex</key>
			<string>1</string>
			<key>isa</key>
			<string>PBXFileReference</string>
			<key>lastKnownFileType</key>
			<string>text.xcconfig</string>
			<key>name</key>
			<string>Pods.distribution.xcconfig</string>
			<key>path</key>
			<string>Pods/Target Support Files/Pods/Pods.distribution.xcconfig</string>
			<key>sourceTree</key>
			<string>&lt;group&gt;</string>
		</dict>
		<key>CDBC3914BD836ED71C3FF7C2</key>
		<dict>
			<key>fileRef</key>
			<string>829F6FA3BAFB5A12F9F77CF1</string>
			<key>isa</key>
			<string>PBXBuildFile</string>
		</dict>
	</dict>
	<key>rootObject</key>
	<string>96BA67F31A40C5DA00F06EE5</string>
</dict>
</plist>
